{
  "version": 4,
  "terraform_version": "1.7.5",
  "serial": 188,
  "lineage": "28edf8f7-b6ab-6f39-2e9c-61ec04f87e15",
  "outputs": {},
  "resources": [
    {
      "mode": "data",
      "type": "local_file",
      "name": "bootstrap_vm_ignition",
      "provider": "provider[\"registry.terraform.io/hashicorp/local\"]",
      "instances": [
        {
          "schema_version": 0,
          "attributes": {
            "content": "{\n  \"ignition\": {\n    \"config\": {\n      \"merge\": [\n        {\n          \"source\": \"http://bastion.private.domain.name:8080/ignition/bootstrap.ign\"\n        }\n      ]\n    },\n    \"version\": \"3.1.0\"\n  }\n}\n",
            "content_base64": "ewogICJpZ25pdGlvbiI6IHsKICAgICJjb25maWciOiB7CiAgICAgICJtZXJnZSI6IFsKICAgICAgICB7CiAgICAgICAgICAic291cmNlIjogImh0dHA6Ly9iYXN0aW9uLnByaXZhdGUuZG9tYWluLm5hbWU6ODA4MC9pZ25pdGlvbi9ib290c3RyYXAuaWduIgogICAgICAgIH0KICAgICAgXQogICAgfSwKICAgICJ2ZXJzaW9uIjogIjMuMS4wIgogIH0KfQo=",
            "content_base64sha256": "PzzubQoQIqOzsovAt9fEWWRmLl2Fvt85h9PHoiMeUOs=",
            "content_base64sha512": "0FFsIFsesRPWEYkqIghbTa5B0d0nSiKVZfVX9hmTRAz14+eKqIG5ciaLXl/xtmu5/vf/p5JMsHRMYyTCQr9GWA==",
            "content_md5": "528b4fc29c0e97f5bde2fe4187cd7d3b",
            "content_sha1": "3420544b21c6dd9751ae2056d2baa08f668d78c0",
            "content_sha256": "3f3cee6d0a1022a3b3b28bc0b7d7c45964662e5d85bedf3987d3c7a2231e50eb",
            "content_sha512": "d0516c205b1eb113d611892a22085b4dae41d1dd274a229565f557f61993440cf5e3e78aa881b972268b5e5ff1b66bb9fef7ffa7924cb0744c6324c242bf4658",
            "filename": "openshift-install/bootstrap-append.ign",
            "id": "3420544b21c6dd9751ae2056d2baa08f668d78c0"
          },
          "sensitive_attributes": []
        }
      ]
    },
    {
      "mode": "data",
      "type": "local_file",
      "name": "infra_vm_ignition",
      "provider": "provider[\"registry.terraform.io/hashicorp/local\"]",
      "instances": [
        {
          "schema_version": 0,
          "attributes": {
            "content": "{\"ignition\":{\"config\":{\"merge\":[{\"source\":\"https://api-int.ocpinstall.private.domain.name:22623/config/worker\"}]},\"security\":{\"tls\":{\"certificateAuthorities\":[{\"source\":\"data:text/plain;charset=utf-8;base64,LS0tLS1CRUdJTiBDRVJUSUZJQ0FURS0tLS0tCk1JSURFRENDQWZpZ0F3SUJBZ0lJSXZabjdiSElzZkl3RFFZSktvWklodmNOQVFFTEJRQXdKakVTTUJBR0ExVUUKQ3hNSmIzQmxibk5vYVdaME1SQXdEZ1lEVlFRREV3ZHliMjkwTFdOaE1CNFhEVEkwTURNeU1EQTRNemswTTFvWApEVE0wTURNeE9EQTRNemswTTFvd0pqRVNNQkFHQTFVRUN4TUpiM0JsYm5Ob2FXWjBNUkF3RGdZRFZRUURFd2R5CmIyOTBMV05oTUlJQklqQU5CZ2txaGtpRzl3MEJBUUVGQUFPQ0FROEFNSUlCQ2dLQ0FRRUF3eFhTRmNpMFJ2eVkKQ0N2YVBldEJTVkFtR1UyV1o5R0VBY2JxZUF2R0tSMUg4eTc5S3JHWW55U1kxM01jaWhqa1pqOWwycWZCdHhMUApNK0VCcGljSEoxa3ZJRHRqYXY1ZTN3cUhzM1I0RERybnBrd09RSW9LNzlnWTY3MXZJYkRxNGVHdTJzM2Q1YlUvCmIyUGpkWHZSMmdSZ0hQc3BOVmUrb2NrWGlpT2huTUo3MzFDNWs3Y3MzNERwZi9ONkxkV3JHV1lXdWlVQi9Ic2gKR0ZvQ2NPYVZMZWlkV1V3dXdoTy8zQTd1alZtczNGVnVyRDZNbDA5UGxmQ05sR05EZFRIVjZQTGY1M2VVczF6bwpRT0wwRlVFaGx6VXk3YWQxSzRiY2c0a0lVdEw1c0JNTFU4V2pRR3VPTTg3Mmt0RWtGeGNES2ExQk5RRFBlSy9yCitEQkh2MkZtMlFJREFRQUJvMEl3UURBT0JnTlZIUThCQWY4RUJBTUNBcVF3RHdZRFZSMFRBUUgvQkFVd0F3RUIKL3pBZEJnTlZIUTRFRmdRVVUwOEZmdDN5WDFZQkVXVzg1eEhSVzdZeHZwVXdEUVlKS29aSWh2Y05BUUVMQlFBRApnZ0VCQUM5dW9GN0ZYc2lDaFM0alBVcUpKZjZPK3RhNmpQZ0ZER2RldWFOblF1aVg4Q1RVdTVDUTBYdnFLeVVtCnR4TkxQcGJ3QXgzMWVYYjEwT01idnN4S2kwT1ZTdEZ5ZnNFRVpHWTNqNlpGeUdVY01HZVJGT2h4N2wyT2hZNmcKcFcyMldJY24vTVFvVjljcDV4NnE1dUdoWGQ4cWhxZXlNeUQ2dWpLVzN4b004cFZ0UGVTZ2tXYkFNalo1RlFFYQpVRjRjM25QaWNTZ2RnRmROV25jVVBFMjVHQUdYdkJZZHRQTUNad0Q4QmpPVDdLdVdyc0RiSEJQVysxQTc4dkVoCmc3MFRtN2dGT29ETFMyN0hscTJwK1VQMkNyWisvN0JKOGVzSE14ajVlQTI0OVA5d0dpcU9rR09ZWXIzTitQZjkKemtsNEEzODZCTE5tU09lRlphSllOa2FBeXJzPQotLS0tLUVORCBDRVJUSUZJQ0FURS0tLS0tCg==\"}]}},\"version\":\"3.2.0\"}}",
            "content_base64": "eyJpZ25pdGlvbiI6eyJjb25maWciOnsibWVyZ2UiOlt7InNvdXJjZSI6Imh0dHBzOi8vYXBpLWludC5vY3BpbnN0YWxsLnByaXZhdGUuZG9tYWluLm5hbWU6MjI2MjMvY29uZmlnL3dvcmtlciJ9XX0sInNlY3VyaXR5Ijp7InRscyI6eyJjZXJ0aWZpY2F0ZUF1dGhvcml0aWVzIjpbeyJzb3VyY2UiOiJkYXRhOnRleHQvcGxhaW47Y2hhcnNldD11dGYtODtiYXNlNjQsTFMwdExTMUNSVWRKVGlCRFJWSlVTVVpKUTBGVVJTMHRMUzB0Q2sxSlNVUkZSRU5EUVdacFowRjNTVUpCWjBsSlNYWmFiamRpU0VselprbDNSRkZaU2t0dldrbG9kbU5PUVZGRlRFSlJRWGRLYWtWVFRVSkJSMEV4VlVVS1EzaE5TbUl6UW14aWJrNXZZVmRhTUUxU1FYZEVaMWxFVmxGUlJFVjNaSGxpTWprd1RGZE9hRTFDTkZoRVZFa3dUVVJOZVUxRVFUUk5lbXN3VFRGdldBcEVWRTB3VFVSTmVFOUVRVFJOZW1zd1RURnZkMHBxUlZOTlFrRkhRVEZWUlVONFRVcGlNMEpzWW01T2IyRlhXakJOVWtGM1JHZFpSRlpSVVVSRmQyUjVDbUl5T1RCTVYwNW9UVWxKUWtscVFVNUNaMnR4YUd0cFJ6bDNNRUpCVVVWR1FVRlBRMEZST0VGTlNVbENRMmRMUTBGUlJVRjNlRmhUUm1OcE1GSjJlVmtLUTBOMllWQmxkRUpUVmtGdFIxVXlWMW81UjBWQlkySnhaVUYyUjB0U01VZzRlVGM1UzNKSFdXNTVVMWt4TTAxamFXaHFhMXBxT1d3eWNXWkNkSGhNVUFwTkswVkNjR2xqU0VveGEzWkpSSFJxWVhZMVpUTjNjVWh6TTFJMFJFUnlibkJyZDA5UlNXOUxOemxuV1RZM01YWkpZa1J4TkdWSGRUSnpNMlExWWxVdkNtSXlVR3BrV0haU01tZFNaMGhRYzNCT1ZtVXJiMk5yV0dscFQyaHVUVW8zTXpGRE5XczNZM016TkVSd1ppOU9Oa3hrVjNKSFYxbFhkV2xWUWk5SWMyZ0tSMFp2UTJOUFlWWk1aV2xrVjFWM2RYZG9UeTh6UVRkMWFsWnRjek5HVm5WeVJEWk5iREE1VUd4bVEwNXNSMDVFWkZSSVZqWlFUR1kxTTJWVmN6RjZid3BSVDB3d1JsVkZhR3g2VlhrM1lXUXhTelJpWTJjMGEwbFZkRXcxYzBKTlRGVTRWMnBSUjNWUFRUZzNNbXQwUld0R2VHTkVTMkV4UWs1UlJGQmxTeTl5Q2l0RVFraDJNa1p0TWxGSlJFRlJRVUp2TUVsM1VVUkJUMEpuVGxaSVVUaENRV1k0UlVKQlRVTkJjVkYzUkhkWlJGWlNNRlJCVVVndlFrRlZkMEYzUlVJS0wzcEJaRUpuVGxaSVVUUkZSbWRSVlZVd09FWm1kRE41V0RGWlFrVlhWemcxZUVoU1Z6ZFplSFp3VlhkRVVWbEtTMjlhU1doMlkwNUJVVVZNUWxGQlJBcG5aMFZDUVVNNWRXOUdOMFpZYzJsRGFGTTBhbEJWY1VwS1pqWlBLM1JoTm1wUVowWkVSMlJsZFdGT2JsRjFhVmc0UTFSVmRUVkRVVEJZZG5GTGVWVnRDblI0VGt4UWNHSjNRWGd6TVdWWVlqRXdUMDFpZG5ONFMya3dUMVpUZEVaNVpuTkZSVnBIV1ROcU5scEdlVWRWWTAxSFpWSkdUMmg0TjJ3eVQyaFpObWNLY0ZjeU1sZEpZMjR2VFZGdlZqbGpjRFY0Tm5FMWRVZG9XR1E0Y1doeFpYbE5lVVEyZFdwTFZ6TjRiMDA0Y0ZaMFVHVlRaMnRYWWtGTmFsbzFSbEZGWVFwVlJqUmpNMjVRYVdOVFoyUm5SbVJPVjI1alZWQkZNalZIUVVkWWRrSlpaSFJRVFVOYWQwUTRRbXBQVkRkTGRWZHljMFJpU0VKUVZ5c3hRVGM0ZGtWb0NtYzNNRlJ0TjJkR1QyOUVURk15TjBoc2NUSndLMVZRTWtOeVdpc3ZOMEpLT0dWelNFMTRhalZsUVRJME9WQTVkMGRwY1U5clIwOVpXWEl6VGl0UVpqa0tlbXRzTkVFek9EWkNURTV0VTA5bFJscGhTbGxPYTJGQmVYSnpQUW90TFMwdExVVk9SQ0JEUlZKVVNVWkpRMEZVUlMwdExTMHRDZz09In1dfX0sInZlcnNpb24iOiIzLjIuMCJ9fQ==",
            "content_base64sha256": "/taoXvroG77eq4Ic1108Kk+YcyyS3I2tIIgVzTuxtag=",
            "content_base64sha512": "wfE1FHSOMdk2OXzGE0YCexb9JRSMDNjN5VjXlgJSrYIx7m+K5ku58XtQR86UqfKKKLlD7yGuG1WoolKUq+Qzww==",
            "content_md5": "99d7eeda03224d40424eed1e567a556e",
            "content_sha1": "79e15fe6663ca33df812bf629d79b497c3947a96",
            "content_sha256": "fed6a85efae81bbedeab821cd75d3c2a4f98732c92dc8dad208815cd3bb1b5a8",
            "content_sha512": "c1f13514748e31d936397cc61346027b16fd25148c0cd8cde558d7960252ad8231ee6f8ae64bb9f17b5047ce94a9f28a28b943ef21ae1b55a8a25294abe433c3",
            "filename": "openshift-install/worker.ign",
            "id": "79e15fe6663ca33df812bf629d79b497c3947a96"
          },
          "sensitive_attributes": []
        }
      ]
    },
    {
      "mode": "data",
      "type": "local_file",
      "name": "master_vm_ignition",
      "provider": "provider[\"registry.terraform.io/hashicorp/local\"]",
      "instances": [
        {
          "schema_version": 0,
          "attributes": {
            "content": "{\"ignition\":{\"config\":{\"merge\":[{\"source\":\"https://api-int.ocpinstall.private.domain.name:22623/config/master\"}]},\"security\":{\"tls\":{\"certificateAuthorities\":[{\"source\":\"data:text/plain;charset=utf-8;base64,LS0tLS1CRUdJTiBDRVJUSUZJQ0FURS0tLS0tCk1JSURFRENDQWZpZ0F3SUJBZ0lJSXZabjdiSElzZkl3RFFZSktvWklodmNOQVFFTEJRQXdKakVTTUJBR0ExVUUKQ3hNSmIzQmxibk5vYVdaME1SQXdEZ1lEVlFRREV3ZHliMjkwTFdOaE1CNFhEVEkwTURNeU1EQTRNemswTTFvWApEVE0wTURNeE9EQTRNemswTTFvd0pqRVNNQkFHQTFVRUN4TUpiM0JsYm5Ob2FXWjBNUkF3RGdZRFZRUURFd2R5CmIyOTBMV05oTUlJQklqQU5CZ2txaGtpRzl3MEJBUUVGQUFPQ0FROEFNSUlCQ2dLQ0FRRUF3eFhTRmNpMFJ2eVkKQ0N2YVBldEJTVkFtR1UyV1o5R0VBY2JxZUF2R0tSMUg4eTc5S3JHWW55U1kxM01jaWhqa1pqOWwycWZCdHhMUApNK0VCcGljSEoxa3ZJRHRqYXY1ZTN3cUhzM1I0RERybnBrd09RSW9LNzlnWTY3MXZJYkRxNGVHdTJzM2Q1YlUvCmIyUGpkWHZSMmdSZ0hQc3BOVmUrb2NrWGlpT2huTUo3MzFDNWs3Y3MzNERwZi9ONkxkV3JHV1lXdWlVQi9Ic2gKR0ZvQ2NPYVZMZWlkV1V3dXdoTy8zQTd1alZtczNGVnVyRDZNbDA5UGxmQ05sR05EZFRIVjZQTGY1M2VVczF6bwpRT0wwRlVFaGx6VXk3YWQxSzRiY2c0a0lVdEw1c0JNTFU4V2pRR3VPTTg3Mmt0RWtGeGNES2ExQk5RRFBlSy9yCitEQkh2MkZtMlFJREFRQUJvMEl3UURBT0JnTlZIUThCQWY4RUJBTUNBcVF3RHdZRFZSMFRBUUgvQkFVd0F3RUIKL3pBZEJnTlZIUTRFRmdRVVUwOEZmdDN5WDFZQkVXVzg1eEhSVzdZeHZwVXdEUVlKS29aSWh2Y05BUUVMQlFBRApnZ0VCQUM5dW9GN0ZYc2lDaFM0alBVcUpKZjZPK3RhNmpQZ0ZER2RldWFOblF1aVg4Q1RVdTVDUTBYdnFLeVVtCnR4TkxQcGJ3QXgzMWVYYjEwT01idnN4S2kwT1ZTdEZ5ZnNFRVpHWTNqNlpGeUdVY01HZVJGT2h4N2wyT2hZNmcKcFcyMldJY24vTVFvVjljcDV4NnE1dUdoWGQ4cWhxZXlNeUQ2dWpLVzN4b004cFZ0UGVTZ2tXYkFNalo1RlFFYQpVRjRjM25QaWNTZ2RnRmROV25jVVBFMjVHQUdYdkJZZHRQTUNad0Q4QmpPVDdLdVdyc0RiSEJQVysxQTc4dkVoCmc3MFRtN2dGT29ETFMyN0hscTJwK1VQMkNyWisvN0JKOGVzSE14ajVlQTI0OVA5d0dpcU9rR09ZWXIzTitQZjkKemtsNEEzODZCTE5tU09lRlphSllOa2FBeXJzPQotLS0tLUVORCBDRVJUSUZJQ0FURS0tLS0tCg==\"}]}},\"version\":\"3.2.0\"}}",
            "content_base64": "eyJpZ25pdGlvbiI6eyJjb25maWciOnsibWVyZ2UiOlt7InNvdXJjZSI6Imh0dHBzOi8vYXBpLWludC5vY3BpbnN0YWxsLnByaXZhdGUuZG9tYWluLm5hbWU6MjI2MjMvY29uZmlnL21hc3RlciJ9XX0sInNlY3VyaXR5Ijp7InRscyI6eyJjZXJ0aWZpY2F0ZUF1dGhvcml0aWVzIjpbeyJzb3VyY2UiOiJkYXRhOnRleHQvcGxhaW47Y2hhcnNldD11dGYtODtiYXNlNjQsTFMwdExTMUNSVWRKVGlCRFJWSlVTVVpKUTBGVVJTMHRMUzB0Q2sxSlNVUkZSRU5EUVdacFowRjNTVUpCWjBsSlNYWmFiamRpU0VselprbDNSRkZaU2t0dldrbG9kbU5PUVZGRlRFSlJRWGRLYWtWVFRVSkJSMEV4VlVVS1EzaE5TbUl6UW14aWJrNXZZVmRhTUUxU1FYZEVaMWxFVmxGUlJFVjNaSGxpTWprd1RGZE9hRTFDTkZoRVZFa3dUVVJOZVUxRVFUUk5lbXN3VFRGdldBcEVWRTB3VFVSTmVFOUVRVFJOZW1zd1RURnZkMHBxUlZOTlFrRkhRVEZWUlVONFRVcGlNMEpzWW01T2IyRlhXakJOVWtGM1JHZFpSRlpSVVVSRmQyUjVDbUl5T1RCTVYwNW9UVWxKUWtscVFVNUNaMnR4YUd0cFJ6bDNNRUpCVVVWR1FVRlBRMEZST0VGTlNVbENRMmRMUTBGUlJVRjNlRmhUUm1OcE1GSjJlVmtLUTBOMllWQmxkRUpUVmtGdFIxVXlWMW81UjBWQlkySnhaVUYyUjB0U01VZzRlVGM1UzNKSFdXNTVVMWt4TTAxamFXaHFhMXBxT1d3eWNXWkNkSGhNVUFwTkswVkNjR2xqU0VveGEzWkpSSFJxWVhZMVpUTjNjVWh6TTFJMFJFUnlibkJyZDA5UlNXOUxOemxuV1RZM01YWkpZa1J4TkdWSGRUSnpNMlExWWxVdkNtSXlVR3BrV0haU01tZFNaMGhRYzNCT1ZtVXJiMk5yV0dscFQyaHVUVW8zTXpGRE5XczNZM016TkVSd1ppOU9Oa3hrVjNKSFYxbFhkV2xWUWk5SWMyZ0tSMFp2UTJOUFlWWk1aV2xrVjFWM2RYZG9UeTh6UVRkMWFsWnRjek5HVm5WeVJEWk5iREE1VUd4bVEwNXNSMDVFWkZSSVZqWlFUR1kxTTJWVmN6RjZid3BSVDB3d1JsVkZhR3g2VlhrM1lXUXhTelJpWTJjMGEwbFZkRXcxYzBKTlRGVTRWMnBSUjNWUFRUZzNNbXQwUld0R2VHTkVTMkV4UWs1UlJGQmxTeTl5Q2l0RVFraDJNa1p0TWxGSlJFRlJRVUp2TUVsM1VVUkJUMEpuVGxaSVVUaENRV1k0UlVKQlRVTkJjVkYzUkhkWlJGWlNNRlJCVVVndlFrRlZkMEYzUlVJS0wzcEJaRUpuVGxaSVVUUkZSbWRSVlZVd09FWm1kRE41V0RGWlFrVlhWemcxZUVoU1Z6ZFplSFp3VlhkRVVWbEtTMjlhU1doMlkwNUJVVVZNUWxGQlJBcG5aMFZDUVVNNWRXOUdOMFpZYzJsRGFGTTBhbEJWY1VwS1pqWlBLM1JoTm1wUVowWkVSMlJsZFdGT2JsRjFhVmc0UTFSVmRUVkRVVEJZZG5GTGVWVnRDblI0VGt4UWNHSjNRWGd6TVdWWVlqRXdUMDFpZG5ONFMya3dUMVpUZEVaNVpuTkZSVnBIV1ROcU5scEdlVWRWWTAxSFpWSkdUMmg0TjJ3eVQyaFpObWNLY0ZjeU1sZEpZMjR2VFZGdlZqbGpjRFY0Tm5FMWRVZG9XR1E0Y1doeFpYbE5lVVEyZFdwTFZ6TjRiMDA0Y0ZaMFVHVlRaMnRYWWtGTmFsbzFSbEZGWVFwVlJqUmpNMjVRYVdOVFoyUm5SbVJPVjI1alZWQkZNalZIUVVkWWRrSlpaSFJRVFVOYWQwUTRRbXBQVkRkTGRWZHljMFJpU0VKUVZ5c3hRVGM0ZGtWb0NtYzNNRlJ0TjJkR1QyOUVURk15TjBoc2NUSndLMVZRTWtOeVdpc3ZOMEpLT0dWelNFMTRhalZsUVRJME9WQTVkMGRwY1U5clIwOVpXWEl6VGl0UVpqa0tlbXRzTkVFek9EWkNURTV0VTA5bFJscGhTbGxPYTJGQmVYSnpQUW90TFMwdExVVk9SQ0JEUlZKVVNVWkpRMEZVUlMwdExTMHRDZz09In1dfX0sInZlcnNpb24iOiIzLjIuMCJ9fQ==",
            "content_base64sha256": "O73lScvvL6BURQ/J9R0jUjVgm1o+lD865N2HTwWpJ4U=",
            "content_base64sha512": "RYfE7FLK9jR00ewNdi7bVh8minHJqJU9H9gcVDDfbROHxc3roLHoBLr9YIXQeARpxmhJoX5hspSlIrjKdgwb9g==",
            "content_md5": "5ce3c5f572c34fed0faa4d8f946f4a51",
            "content_sha1": "ca7341ad05140880dd4a2f491e126d9cfa3b9eaa",
            "content_sha256": "3bbde549cbef2fa054450fc9f51d235235609b5a3e943f3ae4dd874f05a92785",
            "content_sha512": "4587c4ec52caf63474d1ec0d762edb561f268a71c9a8953d1fd81c5430df6d1387c5cdeba0b1e804bafd6085d0780469c66849a17e61b294a522b8ca760c1bf6",
            "filename": "openshift-install/master.ign",
            "id": "ca7341ad05140880dd4a2f491e126d9cfa3b9eaa"
          },
          "sensitive_attributes": []
        }
      ]
    },
    {
      "mode": "data",
      "type": "local_file",
      "name": "worker_vm_ignition",
      "provider": "provider[\"registry.terraform.io/hashicorp/local\"]",
      "instances": [
        {
          "schema_version": 0,
          "attributes": {
            "content": "{\"ignition\":{\"config\":{\"merge\":[{\"source\":\"https://api-int.ocpinstall.private.domain.name:22623/config/worker\"}]},\"security\":{\"tls\":{\"certificateAuthorities\":[{\"source\":\"data:text/plain;charset=utf-8;base64,LS0tLS1CRUdJTiBDRVJUSUZJQ0FURS0tLS0tCk1JSURFRENDQWZpZ0F3SUJBZ0lJSXZabjdiSElzZkl3RFFZSktvWklodmNOQVFFTEJRQXdKakVTTUJBR0ExVUUKQ3hNSmIzQmxibk5vYVdaME1SQXdEZ1lEVlFRREV3ZHliMjkwTFdOaE1CNFhEVEkwTURNeU1EQTRNemswTTFvWApEVE0wTURNeE9EQTRNemswTTFvd0pqRVNNQkFHQTFVRUN4TUpiM0JsYm5Ob2FXWjBNUkF3RGdZRFZRUURFd2R5CmIyOTBMV05oTUlJQklqQU5CZ2txaGtpRzl3MEJBUUVGQUFPQ0FROEFNSUlCQ2dLQ0FRRUF3eFhTRmNpMFJ2eVkKQ0N2YVBldEJTVkFtR1UyV1o5R0VBY2JxZUF2R0tSMUg4eTc5S3JHWW55U1kxM01jaWhqa1pqOWwycWZCdHhMUApNK0VCcGljSEoxa3ZJRHRqYXY1ZTN3cUhzM1I0RERybnBrd09RSW9LNzlnWTY3MXZJYkRxNGVHdTJzM2Q1YlUvCmIyUGpkWHZSMmdSZ0hQc3BOVmUrb2NrWGlpT2huTUo3MzFDNWs3Y3MzNERwZi9ONkxkV3JHV1lXdWlVQi9Ic2gKR0ZvQ2NPYVZMZWlkV1V3dXdoTy8zQTd1alZtczNGVnVyRDZNbDA5UGxmQ05sR05EZFRIVjZQTGY1M2VVczF6bwpRT0wwRlVFaGx6VXk3YWQxSzRiY2c0a0lVdEw1c0JNTFU4V2pRR3VPTTg3Mmt0RWtGeGNES2ExQk5RRFBlSy9yCitEQkh2MkZtMlFJREFRQUJvMEl3UURBT0JnTlZIUThCQWY4RUJBTUNBcVF3RHdZRFZSMFRBUUgvQkFVd0F3RUIKL3pBZEJnTlZIUTRFRmdRVVUwOEZmdDN5WDFZQkVXVzg1eEhSVzdZeHZwVXdEUVlKS29aSWh2Y05BUUVMQlFBRApnZ0VCQUM5dW9GN0ZYc2lDaFM0alBVcUpKZjZPK3RhNmpQZ0ZER2RldWFOblF1aVg4Q1RVdTVDUTBYdnFLeVVtCnR4TkxQcGJ3QXgzMWVYYjEwT01idnN4S2kwT1ZTdEZ5ZnNFRVpHWTNqNlpGeUdVY01HZVJGT2h4N2wyT2hZNmcKcFcyMldJY24vTVFvVjljcDV4NnE1dUdoWGQ4cWhxZXlNeUQ2dWpLVzN4b004cFZ0UGVTZ2tXYkFNalo1RlFFYQpVRjRjM25QaWNTZ2RnRmROV25jVVBFMjVHQUdYdkJZZHRQTUNad0Q4QmpPVDdLdVdyc0RiSEJQVysxQTc4dkVoCmc3MFRtN2dGT29ETFMyN0hscTJwK1VQMkNyWisvN0JKOGVzSE14ajVlQTI0OVA5d0dpcU9rR09ZWXIzTitQZjkKemtsNEEzODZCTE5tU09lRlphSllOa2FBeXJzPQotLS0tLUVORCBDRVJUSUZJQ0FURS0tLS0tCg==\"}]}},\"version\":\"3.2.0\"}}",
            "content_base64": "eyJpZ25pdGlvbiI6eyJjb25maWciOnsibWVyZ2UiOlt7InNvdXJjZSI6Imh0dHBzOi8vYXBpLWludC5vY3BpbnN0YWxsLnByaXZhdGUuZG9tYWluLm5hbWU6MjI2MjMvY29uZmlnL3dvcmtlciJ9XX0sInNlY3VyaXR5Ijp7InRscyI6eyJjZXJ0aWZpY2F0ZUF1dGhvcml0aWVzIjpbeyJzb3VyY2UiOiJkYXRhOnRleHQvcGxhaW47Y2hhcnNldD11dGYtODtiYXNlNjQsTFMwdExTMUNSVWRKVGlCRFJWSlVTVVpKUTBGVVJTMHRMUzB0Q2sxSlNVUkZSRU5EUVdacFowRjNTVUpCWjBsSlNYWmFiamRpU0VselprbDNSRkZaU2t0dldrbG9kbU5PUVZGRlRFSlJRWGRLYWtWVFRVSkJSMEV4VlVVS1EzaE5TbUl6UW14aWJrNXZZVmRhTUUxU1FYZEVaMWxFVmxGUlJFVjNaSGxpTWprd1RGZE9hRTFDTkZoRVZFa3dUVVJOZVUxRVFUUk5lbXN3VFRGdldBcEVWRTB3VFVSTmVFOUVRVFJOZW1zd1RURnZkMHBxUlZOTlFrRkhRVEZWUlVONFRVcGlNMEpzWW01T2IyRlhXakJOVWtGM1JHZFpSRlpSVVVSRmQyUjVDbUl5T1RCTVYwNW9UVWxKUWtscVFVNUNaMnR4YUd0cFJ6bDNNRUpCVVVWR1FVRlBRMEZST0VGTlNVbENRMmRMUTBGUlJVRjNlRmhUUm1OcE1GSjJlVmtLUTBOMllWQmxkRUpUVmtGdFIxVXlWMW81UjBWQlkySnhaVUYyUjB0U01VZzRlVGM1UzNKSFdXNTVVMWt4TTAxamFXaHFhMXBxT1d3eWNXWkNkSGhNVUFwTkswVkNjR2xqU0VveGEzWkpSSFJxWVhZMVpUTjNjVWh6TTFJMFJFUnlibkJyZDA5UlNXOUxOemxuV1RZM01YWkpZa1J4TkdWSGRUSnpNMlExWWxVdkNtSXlVR3BrV0haU01tZFNaMGhRYzNCT1ZtVXJiMk5yV0dscFQyaHVUVW8zTXpGRE5XczNZM016TkVSd1ppOU9Oa3hrVjNKSFYxbFhkV2xWUWk5SWMyZ0tSMFp2UTJOUFlWWk1aV2xrVjFWM2RYZG9UeTh6UVRkMWFsWnRjek5HVm5WeVJEWk5iREE1VUd4bVEwNXNSMDVFWkZSSVZqWlFUR1kxTTJWVmN6RjZid3BSVDB3d1JsVkZhR3g2VlhrM1lXUXhTelJpWTJjMGEwbFZkRXcxYzBKTlRGVTRWMnBSUjNWUFRUZzNNbXQwUld0R2VHTkVTMkV4UWs1UlJGQmxTeTl5Q2l0RVFraDJNa1p0TWxGSlJFRlJRVUp2TUVsM1VVUkJUMEpuVGxaSVVUaENRV1k0UlVKQlRVTkJjVkYzUkhkWlJGWlNNRlJCVVVndlFrRlZkMEYzUlVJS0wzcEJaRUpuVGxaSVVUUkZSbWRSVlZVd09FWm1kRE41V0RGWlFrVlhWemcxZUVoU1Z6ZFplSFp3VlhkRVVWbEtTMjlhU1doMlkwNUJVVVZNUWxGQlJBcG5aMFZDUVVNNWRXOUdOMFpZYzJsRGFGTTBhbEJWY1VwS1pqWlBLM1JoTm1wUVowWkVSMlJsZFdGT2JsRjFhVmc0UTFSVmRUVkRVVEJZZG5GTGVWVnRDblI0VGt4UWNHSjNRWGd6TVdWWVlqRXdUMDFpZG5ONFMya3dUMVpUZEVaNVpuTkZSVnBIV1ROcU5scEdlVWRWWTAxSFpWSkdUMmg0TjJ3eVQyaFpObWNLY0ZjeU1sZEpZMjR2VFZGdlZqbGpjRFY0Tm5FMWRVZG9XR1E0Y1doeFpYbE5lVVEyZFdwTFZ6TjRiMDA0Y0ZaMFVHVlRaMnRYWWtGTmFsbzFSbEZGWVFwVlJqUmpNMjVRYVdOVFoyUm5SbVJPVjI1alZWQkZNalZIUVVkWWRrSlpaSFJRVFVOYWQwUTRRbXBQVkRkTGRWZHljMFJpU0VKUVZ5c3hRVGM0ZGtWb0NtYzNNRlJ0TjJkR1QyOUVURk15TjBoc2NUSndLMVZRTWtOeVdpc3ZOMEpLT0dWelNFMTRhalZsUVRJME9WQTVkMGRwY1U5clIwOVpXWEl6VGl0UVpqa0tlbXRzTkVFek9EWkNURTV0VTA5bFJscGhTbGxPYTJGQmVYSnpQUW90TFMwdExVVk9SQ0JEUlZKVVNVWkpRMEZVUlMwdExTMHRDZz09In1dfX0sInZlcnNpb24iOiIzLjIuMCJ9fQ==",
            "content_base64sha256": "/taoXvroG77eq4Ic1108Kk+YcyyS3I2tIIgVzTuxtag=",
            "content_base64sha512": "wfE1FHSOMdk2OXzGE0YCexb9JRSMDNjN5VjXlgJSrYIx7m+K5ku58XtQR86UqfKKKLlD7yGuG1WoolKUq+Qzww==",
            "content_md5": "99d7eeda03224d40424eed1e567a556e",
            "content_sha1": "79e15fe6663ca33df812bf629d79b497c3947a96",
            "content_sha256": "fed6a85efae81bbedeab821cd75d3c2a4f98732c92dc8dad208815cd3bb1b5a8",
            "content_sha512": "c1f13514748e31d936397cc61346027b16fd25148c0cd8cde558d7960252ad8231ee6f8ae64bb9f17b5047ce94a9f28a28b943ef21ae1b55a8a25294abe433c3",
            "filename": "openshift-install/worker.ign",
            "id": "79e15fe6663ca33df812bf629d79b497c3947a96"
          },
          "sensitive_attributes": []
        }
      ]
    },
    {
      "mode": "data",
      "type": "vsphere_compute_cluster",
      "name": "cluster",
      "provider": "provider[\"registry.terraform.io/hashicorp/vsphere\"]",
      "instances": [
        {
          "schema_version": 0,
          "attributes": {
            "datacenter_id": "datacenter-3",
            "id": "domain-c24",
            "name": "CT05-undercloud",
            "resource_pool_id": "resgroup-25"
          },
          "sensitive_attributes": []
        }
      ]
    },
    {
      "mode": "data",
      "type": "vsphere_datacenter",
      "name": "dc",
      "provider": "provider[\"registry.terraform.io/hashicorp/vsphere\"]",
      "instances": [
        {
          "schema_version": 0,
          "attributes": {
            "id": "datacenter-3",
            "name": "Madrid05"
          },
          "sensitive_attributes": []
        }
      ]
    },
    {
      "mode": "data",
      "type": "vsphere_datastore",
      "name": "datastore",
      "provider": "provider[\"registry.terraform.io/hashicorp/vsphere\"]",
      "instances": [
        {
          "schema_version": 0,
          "attributes": {
            "datacenter_id": "datacenter-3",
            "id": "datastore-15",
            "name": "DSW02SEL1563289-1",
            "stats": {
              "capacity": "4294698860544",
              "free": "4277462368256"
            }
          },
          "sensitive_attributes": []
        }
      ]
    },
    {
      "mode": "data",
      "type": "vsphere_host",
      "name": "host",
      "provider": "provider[\"registry.terraform.io/hashicorp/vsphere\"]",
      "instances": [
        {
          "schema_version": 0,
          "attributes": {
            "datacenter_id": "datacenter-3",
            "id": "host-10",
            "name": "undercloud000.private.domain.name",
            "resource_pool_id": "resgroup-25"
          },
          "sensitive_attributes": []
        }
      ]
    },
    {
      "mode": "data",
      "type": "vsphere_network",
      "name": "network",
      "provider": "provider[\"registry.terraform.io/hashicorp/vsphere\"]",
      "instances": [
        {
          "schema_version": 0,
          "attributes": {
            "datacenter_id": "datacenter-3",
            "distributed_virtual_switch_uuid": null,
            "id": "dvportgroup-30",
            "name": "IBM Management Portable",
            "type": "DistributedVirtualPortgroup"
          },
          "sensitive_attributes": []
        }
      ]
    },
    {
      "mode": "data",
      "type": "vsphere_resource_pool",
      "name": "pool",
      "provider": "provider[\"registry.terraform.io/hashicorp/vsphere\"]",
      "instances": [
        {
          "schema_version": 0,
          "attributes": {
            "datacenter_id": "datacenter-3",
            "id": "resgroup-2001",
            "name": "/Madrid05/host/CT05-undercloud/Resources/UnderCloudResourcePool"
          },
          "sensitive_attributes": []
        }
      ]
    },
    {
      "mode": "data",
      "type": "vsphere_virtual_machine",
      "name": "coreostemplate",
      "provider": "provider[\"registry.terraform.io/hashicorp/vsphere\"]",
      "instances": [
        {
          "schema_version": 0,
          "attributes": {
            "alternate_guest_name": "",
            "annotation": "",
            "boot_delay": 0,
            "boot_retry_delay": 10000,
            "boot_retry_enabled": false,
            "change_version": "2024-03-20T12:31:28.179369Z",
            "cpu_hot_add_enabled": false,
            "cpu_hot_remove_enabled": false,
            "cpu_limit": -1,
            "cpu_performance_counters_enabled": false,
            "cpu_reservation": 0,
            "cpu_share_count": 2000,
            "cpu_share_level": "normal",
            "datacenter_id": "datacenter-3",
            "default_ip_address": null,
            "disks": [
              {
                "eagerly_scrub": false,
                "label": "Hard disk 1",
                "size": 16,
                "thin_provisioned": true,
                "unit_number": 0
              }
            ],
            "efi_secure_boot_enabled": false,
            "enable_disk_uuid": true,
            "enable_logging": false,
            "ept_rvi_mode": "automatic",
            "extra_config": {},
            "extra_config_reboot_required": true,
            "firmware": "bios",
            "folder": null,
            "guest_id": "coreos64Guest",
            "guest_ip_addresses": [],
            "hardware_version": 15,
            "hv_mode": "hvAuto",
            "id": "422e19dd-1363-73cc-4932-ce32e3394ab3",
            "ide_controller_scan_count": 2,
            "latency_sensitivity": "normal",
            "memory": 4096,
            "memory_hot_add_enabled": false,
            "memory_limit": -1,
            "memory_reservation": 0,
            "memory_reservation_locked_to_max": false,
            "memory_share_count": 40960,
            "memory_share_level": "normal",
            "moid": "vm-2260",
            "name": "coreostemplate",
            "nested_hv_enabled": false,
            "network_interface_types": [
              "vmxnet3"
            ],
            "network_interfaces": [
              {
                "adapter_type": "vmxnet3",
                "bandwidth_limit": -1,
                "bandwidth_reservation": 0,
                "bandwidth_share_count": 50,
                "bandwidth_share_level": "normal",
                "mac_address": "00:50:56:ae:7e:f4",
                "network_id": "dvportgroup-30",
                "physical_function": ""
              }
            ],
            "num_cores_per_socket": 1,
            "num_cpus": 2,
            "replace_trigger": null,
            "run_tools_scripts_after_power_on": true,
            "run_tools_scripts_after_resume": true,
            "run_tools_scripts_before_guest_reboot": false,
            "run_tools_scripts_before_guest_shutdown": true,
            "run_tools_scripts_before_guest_standby": true,
            "sata_controller_scan_count": 0,
            "scsi_bus_sharing": "noSharing",
            "scsi_controller_scan_count": 1,
            "scsi_type": "pvscsi",
            "storage_policy_id": null,
            "swap_placement_policy": "inherit",
            "sync_time_with_host": true,
            "sync_time_with_host_periodically": false,
            "tools_upgrade_policy": "manual",
            "uuid": "422e19dd-1363-73cc-4932-ce32e3394ab3",
            "vapp": null,
            "vapp_transport": [
              "com.vmware.guestInfo"
            ],
            "vbs_enabled": false,
            "vvtd_enabled": false
          },
          "sensitive_attributes": []
        }
      ]
    },
    {
      "mode": "managed",
      "type": "vsphere_virtual_machine",
      "name": "bootstrapVM",
      "provider": "provider[\"registry.terraform.io/hashicorp/vsphere\"]",
      "instances": [
        {
          "schema_version": 3,
          "attributes": {
            "alternate_guest_name": "",
            "annotation": "",
            "boot_delay": 0,
            "boot_retry_delay": 10000,
            "boot_retry_enabled": false,
            "cdrom": [],
            "change_version": "2024-03-20T12:31:50.94876Z",
            "clone": [
              {
                "customization_spec": [],
                "customize": [],
                "linked_clone": false,
                "ovf_network_map": null,
                "ovf_storage_map": null,
                "template_uuid": "422e19dd-1363-73cc-4932-ce32e3394ab3",
                "timeout": 30
              }
            ],
            "cpu_hot_add_enabled": false,
            "cpu_hot_remove_enabled": false,
            "cpu_limit": -1,
            "cpu_performance_counters_enabled": false,
            "cpu_reservation": 0,
            "cpu_share_count": 4000,
            "cpu_share_level": "normal",
            "custom_attributes": null,
            "datacenter_id": null,
            "datastore_cluster_id": null,
            "datastore_id": "datastore-15",
            "default_ip_address": null,
            "disk": [
              {
                "attach": false,
                "controller_type": "scsi",
                "datastore_id": "datastore-15",
                "device_address": "scsi:0:0",
                "disk_mode": "persistent",
                "disk_sharing": "sharingNone",
                "eagerly_scrub": false,
                "io_limit": -1,
                "io_reservation": 0,
                "io_share_count": 1000,
                "io_share_level": "normal",
                "keep_on_remove": false,
                "key": 2000,
                "label": "disk0",
                "path": "ocpinstall-bootstrap/ocpinstall-bootstrap.vmdk",
                "size": 32,
                "storage_policy_id": "",
                "thin_provisioned": true,
                "unit_number": 0,
                "uuid": "6000C29f-2dfc-4c93-1359-52928c0444fa",
                "write_through": false
              }
            ],
            "efi_secure_boot_enabled": false,
            "enable_disk_uuid": true,
            "enable_logging": false,
            "ept_rvi_mode": "automatic",
            "extra_config": {
              "guestinfo.afterburn.initrd.network-kargs": "ip=10.118.144.164::10.118.146.3:255.255.255.224:ocpinstall-bootstrap:ens192:off nameserver=10.118.146.3",
              "guestinfo.hostname": "ocpinstall-bootstrap",
              "guestinfo.ignition.config.data": "ewogICJpZ25pdGlvbiI6IHsKICAgICJjb25maWciOiB7CiAgICAgICJtZXJnZSI6IFsKICAgICAgICB7CiAgICAgICAgICAic291cmNlIjogImh0dHA6Ly9iYXN0aW9uLnByaXZhdGUuZG9tYWluLm5hbWU6ODA4MC9pZ25pdGlvbi9ib290c3RyYXAuaWduIgogICAgICAgIH0KICAgICAgXQogICAgfSwKICAgICJ2ZXJzaW9uIjogIjMuMS4wIgogIH0KfQo=",
              "guestinfo.ignition.config.data.encoding": "base64"
            },
            "extra_config_reboot_required": true,
            "firmware": "bios",
            "folder": "UnderCloud/UPI",
            "force_power_off": true,
            "guest_id": "coreos64Guest",
            "guest_ip_addresses": [],
            "hardware_version": 15,
            "host_system_id": "host-10",
            "hv_mode": "hvAuto",
            "id": "422eb01e-8ef0-3e35-5c92-83cd2d5d7593",
            "ide_controller_count": 2,
            "ignored_guest_ips": null,
            "imported": null,
            "latency_sensitivity": "normal",
            "memory": 16384,
            "memory_hot_add_enabled": false,
            "memory_limit": -1,
            "memory_reservation": 0,
            "memory_reservation_locked_to_max": false,
            "memory_share_count": 163840,
            "memory_share_level": "normal",
            "migrate_wait_timeout": 30,
            "moid": "vm-2261",
            "name": "ocpinstall-bootstrap",
            "nested_hv_enabled": false,
            "network_interface": [
              {
                "adapter_type": "vmxnet3",
                "bandwidth_limit": -1,
                "bandwidth_reservation": 0,
                "bandwidth_share_count": 50,
                "bandwidth_share_level": "normal",
                "device_address": "pci:0:7",
                "key": 4000,
                "mac_address": "00:50:56:ae:82:39",
                "network_id": "dvportgroup-30",
                "ovf_mapping": "",
                "physical_function": "",
                "use_static_mac": false
              }
            ],
            "num_cores_per_socket": 1,
            "num_cpus": 4,
            "ovf_deploy": [],
            "pci_device_id": null,
            "power_state": "on",
            "poweron_timeout": 300,
            "reboot_required": false,
            "replace_trigger": null,
            "resource_pool_id": "resgroup-25",
            "run_tools_scripts_after_power_on": true,
            "run_tools_scripts_after_resume": true,
            "run_tools_scripts_before_guest_reboot": false,
            "run_tools_scripts_before_guest_shutdown": true,
            "run_tools_scripts_before_guest_standby": true,
            "sata_controller_count": 0,
            "scsi_bus_sharing": "noSharing",
            "scsi_controller_count": 1,
            "scsi_type": "pvscsi",
            "shutdown_wait_timeout": 3,
            "storage_policy_id": "",
            "swap_placement_policy": "inherit",
            "sync_time_with_host": true,
            "sync_time_with_host_periodically": false,
            "tags": null,
            "tools_upgrade_policy": "manual",
            "uuid": "422eb01e-8ef0-3e35-5c92-83cd2d5d7593",
            "vapp": [],
            "vapp_transport": [
              "com.vmware.guestInfo"
            ],
            "vbs_enabled": false,
            "vmware_tools_status": "guestToolsNotRunning",
            "vmx_path": "ocpinstall-bootstrap/ocpinstall-bootstrap.vmx",
            "vvtd_enabled": false,
            "wait_for_guest_ip_timeout": 0,
            "wait_for_guest_net_routable": false,
            "wait_for_guest_net_timeout": 0
          },
          "sensitive_attributes": [],
          "private": "eyJzY2hlbWFfdmVyc2lvbiI6IjMifQ==",
          "dependencies": [
            "data.local_file.bootstrap_vm_ignition",
            "data.vsphere_compute_cluster.cluster",
            "data.vsphere_datacenter.dc",
            "data.vsphere_datastore.datastore",
            "data.vsphere_host.host",
            "data.vsphere_network.network",
            "data.vsphere_resource_pool.pool",
            "data.vsphere_virtual_machine.coreostemplate",
            "vsphere_virtual_machine.coreostemplate"
          ]
        }
      ]
    },
    {
      "mode": "managed",
      "type": "vsphere_virtual_machine",
      "name": "coreostemplate",
      "provider": "provider[\"registry.terraform.io/hashicorp/vsphere\"]",
      "instances": [
        {
          "schema_version": 3,
          "attributes": {
            "alternate_guest_name": "",
            "annotation": "",
            "boot_delay": 0,
            "boot_retry_delay": 10000,
            "boot_retry_enabled": false,
            "cdrom": [],
            "change_version": "2024-03-20T12:31:27.612896Z",
            "clone": [],
            "cpu_hot_add_enabled": false,
            "cpu_hot_remove_enabled": false,
            "cpu_limit": -1,
            "cpu_performance_counters_enabled": false,
            "cpu_reservation": 0,
            "cpu_share_count": 2000,
            "cpu_share_level": "normal",
            "custom_attributes": null,
            "datacenter_id": "datacenter-3",
            "datastore_cluster_id": null,
            "datastore_id": "datastore-15",
            "default_ip_address": null,
            "disk": [
              {
                "attach": false,
                "controller_type": "scsi",
                "datastore_id": "datastore-15",
                "device_address": "scsi:0:0",
                "disk_mode": "persistent",
                "disk_sharing": "sharingNone",
                "eagerly_scrub": false,
                "io_limit": -1,
                "io_reservation": 0,
                "io_share_count": 1000,
                "io_share_level": "normal",
                "keep_on_remove": false,
                "key": 2000,
                "label": "disk0",
                "path": "coreostemplate/coreostemplate.vmdk",
                "size": 16,
                "storage_policy_id": "",
                "thin_provisioned": true,
                "unit_number": 0,
                "uuid": "6000C29c-76c6-c2f0-8712-28229ede0efa",
                "write_through": false
              }
            ],
            "efi_secure_boot_enabled": false,
            "enable_disk_uuid": true,
            "enable_logging": false,
            "ept_rvi_mode": "automatic",
            "extra_config": null,
            "extra_config_reboot_required": true,
            "firmware": "bios",
            "folder": "UnderCloud/UPI",
            "force_power_off": true,
            "guest_id": "coreos64Guest",
            "guest_ip_addresses": [],
            "hardware_version": 15,
            "host_system_id": "host-10",
            "hv_mode": "hvAuto",
            "id": "422e19dd-1363-73cc-4932-ce32e3394ab3",
            "ide_controller_count": 2,
            "ignored_guest_ips": null,
            "imported": null,
            "latency_sensitivity": "normal",
            "memory": 4096,
            "memory_hot_add_enabled": false,
            "memory_limit": -1,
            "memory_reservation": 0,
            "memory_reservation_locked_to_max": false,
            "memory_share_count": 40960,
            "memory_share_level": "normal",
            "migrate_wait_timeout": 30,
            "moid": "vm-2260",
            "name": "coreostemplate",
            "nested_hv_enabled": false,
            "network_interface": [
              {
                "adapter_type": "vmxnet3",
                "bandwidth_limit": -1,
                "bandwidth_reservation": 0,
                "bandwidth_share_count": 50,
                "bandwidth_share_level": "normal",
                "device_address": "pci:0:7",
                "key": 4000,
                "mac_address": "00:50:56:ae:7e:f4",
                "network_id": "dvportgroup-30",
                "ovf_mapping": "",
                "physical_function": "",
                "use_static_mac": false
              }
            ],
            "num_cores_per_socket": 1,
            "num_cpus": 2,
            "ovf_deploy": [
              {
                "allow_unverified_ssl_cert": false,
                "deployment_option": "",
                "disk_provisioning": "thin",
                "enable_hidden_properties": false,
                "ip_allocation_policy": "",
                "ip_protocol": "",
                "local_ovf_path": "rhcos-vmware.x86_64.ova",
                "ovf_network_map": {
                  "VM Network": "dvportgroup-30"
                },
                "remote_ovf_url": ""
              }
            ],
            "pci_device_id": null,
            "power_state": "on",
            "poweron_timeout": 300,
            "reboot_required": false,
            "replace_trigger": null,
            "resource_pool_id": "resgroup-2001",
            "run_tools_scripts_after_power_on": true,
            "run_tools_scripts_after_resume": true,
            "run_tools_scripts_before_guest_reboot": false,
            "run_tools_scripts_before_guest_shutdown": true,
            "run_tools_scripts_before_guest_standby": true,
            "sata_controller_count": 0,
            "scsi_bus_sharing": "noSharing",
            "scsi_controller_count": 1,
            "scsi_type": "pvscsi",
            "shutdown_wait_timeout": 3,
            "storage_policy_id": "",
            "swap_placement_policy": "inherit",
            "sync_time_with_host": true,
            "sync_time_with_host_periodically": false,
            "tags": null,
            "tools_upgrade_policy": "manual",
            "uuid": "422e19dd-1363-73cc-4932-ce32e3394ab3",
            "vapp": [],
            "vapp_transport": [
              "com.vmware.guestInfo"
            ],
            "vbs_enabled": false,
            "vmware_tools_status": "guestToolsNotRunning",
            "vmx_path": "coreostemplate/coreostemplate.vmx",
            "vvtd_enabled": false,
            "wait_for_guest_ip_timeout": 0,
            "wait_for_guest_net_routable": false,
            "wait_for_guest_net_timeout": 0
          },
          "sensitive_attributes": [],
          "private": "eyJzY2hlbWFfdmVyc2lvbiI6IjMifQ==",
          "dependencies": [
            "data.vsphere_datacenter.dc",
            "data.vsphere_datastore.datastore",
            "data.vsphere_host.host",
            "data.vsphere_network.network",
            "data.vsphere_resource_pool.pool"
          ]
        }
      ]
    },
    {
      "mode": "managed",
      "type": "vsphere_virtual_machine",
      "name": "infraVMs",
      "provider": "provider[\"registry.terraform.io/hashicorp/vsphere\"]",
      "instances": [
        {
          "index_key": 0,
          "schema_version": 3,
          "attributes": {
            "alternate_guest_name": "",
            "annotation": "",
            "boot_delay": 0,
            "boot_retry_delay": 10000,
            "boot_retry_enabled": false,
            "cdrom": [],
            "change_version": "2024-03-20T12:32:47.24193Z",
            "clone": [
              {
                "customization_spec": [],
                "customize": [],
                "linked_clone": false,
                "ovf_network_map": null,
                "ovf_storage_map": null,
                "template_uuid": "422e19dd-1363-73cc-4932-ce32e3394ab3",
                "timeout": 30
              }
            ],
            "cpu_hot_add_enabled": false,
            "cpu_hot_remove_enabled": false,
            "cpu_limit": -1,
            "cpu_performance_counters_enabled": false,
            "cpu_reservation": 0,
            "cpu_share_count": 10000,
            "cpu_share_level": "normal",
            "custom_attributes": null,
            "datacenter_id": null,
            "datastore_cluster_id": null,
            "datastore_id": "datastore-15",
            "default_ip_address": null,
            "disk": [
              {
                "attach": false,
                "controller_type": "scsi",
                "datastore_id": "datastore-15",
                "device_address": "scsi:0:0",
                "disk_mode": "persistent",
                "disk_sharing": "sharingNone",
                "eagerly_scrub": false,
                "io_limit": -1,
                "io_reservation": 0,
                "io_share_count": 1000,
                "io_share_level": "normal",
                "keep_on_remove": false,
                "key": 2000,
                "label": "disk0",
                "path": "ocpinstall-infra01/ocpinstall-infra01.vmdk",
                "size": 120,
                "storage_policy_id": "",
                "thin_provisioned": true,
                "unit_number": 0,
                "uuid": "6000C29f-5ed9-509b-0f62-9a5d51f5f49c",
                "write_through": false
              }
            ],
            "efi_secure_boot_enabled": false,
            "enable_disk_uuid": true,
            "enable_logging": false,
            "ept_rvi_mode": "automatic",
            "extra_config": {
              "guestinfo.afterburn.initrd.network-kargs": "ip=10.118.144.168::10.118.146.3:255.255.255.224:ocpinstall-infra1:ens192:off nameserver=10.118.146.3",
              "guestinfo.hostname": "ocpinstall-infra1",
              "guestinfo.ignition.config.data": "eyJpZ25pdGlvbiI6eyJjb25maWciOnsibWVyZ2UiOlt7InNvdXJjZSI6Imh0dHBzOi8vYXBpLWludC5vY3BpbnN0YWxsLnByaXZhdGUuZG9tYWluLm5hbWU6MjI2MjMvY29uZmlnL3dvcmtlciJ9XX0sInNlY3VyaXR5Ijp7InRscyI6eyJjZXJ0aWZpY2F0ZUF1dGhvcml0aWVzIjpbeyJzb3VyY2UiOiJkYXRhOnRleHQvcGxhaW47Y2hhcnNldD11dGYtODtiYXNlNjQsTFMwdExTMUNSVWRKVGlCRFJWSlVTVVpKUTBGVVJTMHRMUzB0Q2sxSlNVUkZSRU5EUVdacFowRjNTVUpCWjBsSlNYWmFiamRpU0VselprbDNSRkZaU2t0dldrbG9kbU5PUVZGRlRFSlJRWGRLYWtWVFRVSkJSMEV4VlVVS1EzaE5TbUl6UW14aWJrNXZZVmRhTUUxU1FYZEVaMWxFVmxGUlJFVjNaSGxpTWprd1RGZE9hRTFDTkZoRVZFa3dUVVJOZVUxRVFUUk5lbXN3VFRGdldBcEVWRTB3VFVSTmVFOUVRVFJOZW1zd1RURnZkMHBxUlZOTlFrRkhRVEZWUlVONFRVcGlNMEpzWW01T2IyRlhXakJOVWtGM1JHZFpSRlpSVVVSRmQyUjVDbUl5T1RCTVYwNW9UVWxKUWtscVFVNUNaMnR4YUd0cFJ6bDNNRUpCVVVWR1FVRlBRMEZST0VGTlNVbENRMmRMUTBGUlJVRjNlRmhUUm1OcE1GSjJlVmtLUTBOMllWQmxkRUpUVmtGdFIxVXlWMW81UjBWQlkySnhaVUYyUjB0U01VZzRlVGM1UzNKSFdXNTVVMWt4TTAxamFXaHFhMXBxT1d3eWNXWkNkSGhNVUFwTkswVkNjR2xqU0VveGEzWkpSSFJxWVhZMVpUTjNjVWh6TTFJMFJFUnlibkJyZDA5UlNXOUxOemxuV1RZM01YWkpZa1J4TkdWSGRUSnpNMlExWWxVdkNtSXlVR3BrV0haU01tZFNaMGhRYzNCT1ZtVXJiMk5yV0dscFQyaHVUVW8zTXpGRE5XczNZM016TkVSd1ppOU9Oa3hrVjNKSFYxbFhkV2xWUWk5SWMyZ0tSMFp2UTJOUFlWWk1aV2xrVjFWM2RYZG9UeTh6UVRkMWFsWnRjek5HVm5WeVJEWk5iREE1VUd4bVEwNXNSMDVFWkZSSVZqWlFUR1kxTTJWVmN6RjZid3BSVDB3d1JsVkZhR3g2VlhrM1lXUXhTelJpWTJjMGEwbFZkRXcxYzBKTlRGVTRWMnBSUjNWUFRUZzNNbXQwUld0R2VHTkVTMkV4UWs1UlJGQmxTeTl5Q2l0RVFraDJNa1p0TWxGSlJFRlJRVUp2TUVsM1VVUkJUMEpuVGxaSVVUaENRV1k0UlVKQlRVTkJjVkYzUkhkWlJGWlNNRlJCVVVndlFrRlZkMEYzUlVJS0wzcEJaRUpuVGxaSVVUUkZSbWRSVlZVd09FWm1kRE41V0RGWlFrVlhWemcxZUVoU1Z6ZFplSFp3VlhkRVVWbEtTMjlhU1doMlkwNUJVVVZNUWxGQlJBcG5aMFZDUVVNNWRXOUdOMFpZYzJsRGFGTTBhbEJWY1VwS1pqWlBLM1JoTm1wUVowWkVSMlJsZFdGT2JsRjFhVmc0UTFSVmRUVkRVVEJZZG5GTGVWVnRDblI0VGt4UWNHSjNRWGd6TVdWWVlqRXdUMDFpZG5ONFMya3dUMVpUZEVaNVpuTkZSVnBIV1ROcU5scEdlVWRWWTAxSFpWSkdUMmg0TjJ3eVQyaFpObWNLY0ZjeU1sZEpZMjR2VFZGdlZqbGpjRFY0Tm5FMWRVZG9XR1E0Y1doeFpYbE5lVVEyZFdwTFZ6TjRiMDA0Y0ZaMFVHVlRaMnRYWWtGTmFsbzFSbEZGWVFwVlJqUmpNMjVRYVdOVFoyUm5SbVJPVjI1alZWQkZNalZIUVVkWWRrSlpaSFJRVFVOYWQwUTRRbXBQVkRkTGRWZHljMFJpU0VKUVZ5c3hRVGM0ZGtWb0NtYzNNRlJ0TjJkR1QyOUVURk15TjBoc2NUSndLMVZRTWtOeVdpc3ZOMEpLT0dWelNFMTRhalZsUVRJME9WQTVkMGRwY1U5clIwOVpXWEl6VGl0UVpqa0tlbXRzTkVFek9EWkNURTV0VTA5bFJscGhTbGxPYTJGQmVYSnpQUW90TFMwdExVVk9SQ0JEUlZKVVNVWkpRMEZVUlMwdExTMHRDZz09In1dfX0sInZlcnNpb24iOiIzLjIuMCJ9fQ==",
              "guestinfo.ignition.config.data.encoding": "base64"
            },
            "extra_config_reboot_required": true,
            "firmware": "bios",
            "folder": "UnderCloud/UPI",
            "force_power_off": true,
            "guest_id": "coreos64Guest",
            "guest_ip_addresses": [],
            "hardware_version": 15,
            "host_system_id": "host-10",
            "hv_mode": "hvAuto",
            "id": "422e954a-3d7b-6c01-8270-203d3975f135",
            "ide_controller_count": 2,
            "ignored_guest_ips": null,
            "imported": null,
            "latency_sensitivity": "normal",
            "memory": 26624,
            "memory_hot_add_enabled": false,
            "memory_limit": -1,
            "memory_reservation": 0,
            "memory_reservation_locked_to_max": false,
            "memory_share_count": 266240,
            "memory_share_level": "normal",
            "migrate_wait_timeout": 30,
            "moid": "vm-2269",
            "name": "ocpinstall-infra01",
            "nested_hv_enabled": false,
            "network_interface": [
              {
                "adapter_type": "vmxnet3",
                "bandwidth_limit": -1,
                "bandwidth_reservation": 0,
                "bandwidth_share_count": 50,
                "bandwidth_share_level": "normal",
                "device_address": "pci:0:7",
                "key": 4000,
                "mac_address": "00:50:56:ae:33:39",
                "network_id": "dvportgroup-30",
                "ovf_mapping": "",
                "physical_function": "",
                "use_static_mac": false
              }
            ],
            "num_cores_per_socket": 1,
            "num_cpus": 10,
            "ovf_deploy": [],
            "pci_device_id": null,
            "power_state": "on",
            "poweron_timeout": 300,
            "reboot_required": false,
            "replace_trigger": null,
            "resource_pool_id": "resgroup-25",
            "run_tools_scripts_after_power_on": true,
            "run_tools_scripts_after_resume": true,
            "run_tools_scripts_before_guest_reboot": false,
            "run_tools_scripts_before_guest_shutdown": true,
            "run_tools_scripts_before_guest_standby": true,
            "sata_controller_count": 0,
            "scsi_bus_sharing": "noSharing",
            "scsi_controller_count": 1,
            "scsi_type": "pvscsi",
            "shutdown_wait_timeout": 3,
            "storage_policy_id": "",
            "swap_placement_policy": "inherit",
            "sync_time_with_host": true,
            "sync_time_with_host_periodically": false,
            "tags": null,
            "tools_upgrade_policy": "manual",
            "uuid": "422e954a-3d7b-6c01-8270-203d3975f135",
            "vapp": [],
            "vapp_transport": [
              "com.vmware.guestInfo"
            ],
            "vbs_enabled": false,
            "vmware_tools_status": "guestToolsNotRunning",
            "vmx_path": "ocpinstall-infra01/ocpinstall-infra01.vmx",
            "vvtd_enabled": false,
            "wait_for_guest_ip_timeout": 0,
            "wait_for_guest_net_routable": false,
            "wait_for_guest_net_timeout": 0
          },
          "sensitive_attributes": [],
          "private": "eyJzY2hlbWFfdmVyc2lvbiI6IjMifQ==",
          "dependencies": [
            "data.local_file.bootstrap_vm_ignition",
            "data.local_file.infra_vm_ignition",
            "data.local_file.master_vm_ignition",
            "data.vsphere_compute_cluster.cluster",
            "data.vsphere_datacenter.dc",
            "data.vsphere_datastore.datastore",
            "data.vsphere_host.host",
            "data.vsphere_network.network",
            "data.vsphere_resource_pool.pool",
            "data.vsphere_virtual_machine.coreostemplate",
            "vsphere_virtual_machine.bootstrapVM",
            "vsphere_virtual_machine.coreostemplate",
            "vsphere_virtual_machine.masterVMs"
          ]
        },
        {
          "index_key": 1,
          "schema_version": 3,
          "attributes": {
            "alternate_guest_name": "",
            "annotation": "",
            "boot_delay": 0,
            "boot_retry_delay": 10000,
            "boot_retry_enabled": false,
            "cdrom": [],
            "change_version": "2024-03-20T12:32:47.237293Z",
            "clone": [
              {
                "customization_spec": [],
                "customize": [],
                "linked_clone": false,
                "ovf_network_map": null,
                "ovf_storage_map": null,
                "template_uuid": "422e19dd-1363-73cc-4932-ce32e3394ab3",
                "timeout": 30
              }
            ],
            "cpu_hot_add_enabled": false,
            "cpu_hot_remove_enabled": false,
            "cpu_limit": -1,
            "cpu_performance_counters_enabled": false,
            "cpu_reservation": 0,
            "cpu_share_count": 10000,
            "cpu_share_level": "normal",
            "custom_attributes": null,
            "datacenter_id": null,
            "datastore_cluster_id": null,
            "datastore_id": "datastore-15",
            "default_ip_address": null,
            "disk": [
              {
                "attach": false,
                "controller_type": "scsi",
                "datastore_id": "datastore-15",
                "device_address": "scsi:0:0",
                "disk_mode": "persistent",
                "disk_sharing": "sharingNone",
                "eagerly_scrub": false,
                "io_limit": -1,
                "io_reservation": 0,
                "io_share_count": 1000,
                "io_share_level": "normal",
                "keep_on_remove": false,
                "key": 2000,
                "label": "disk0",
                "path": "ocpinstall-infra02/ocpinstall-infra02.vmdk",
                "size": 120,
                "storage_policy_id": "",
                "thin_provisioned": true,
                "unit_number": 0,
                "uuid": "6000C294-4862-3959-9994-f22e5f6b762a",
                "write_through": false
              }
            ],
            "efi_secure_boot_enabled": false,
            "enable_disk_uuid": true,
            "enable_logging": false,
            "ept_rvi_mode": "automatic",
            "extra_config": {
              "guestinfo.afterburn.initrd.network-kargs": "ip=10.118.144.169::10.118.146.3:255.255.255.224:ocpinstall-infra2:ens192:off nameserver=10.118.146.3",
              "guestinfo.hostname": "ocpinstall-infra2",
              "guestinfo.ignition.config.data": "eyJpZ25pdGlvbiI6eyJjb25maWciOnsibWVyZ2UiOlt7InNvdXJjZSI6Imh0dHBzOi8vYXBpLWludC5vY3BpbnN0YWxsLnByaXZhdGUuZG9tYWluLm5hbWU6MjI2MjMvY29uZmlnL3dvcmtlciJ9XX0sInNlY3VyaXR5Ijp7InRscyI6eyJjZXJ0aWZpY2F0ZUF1dGhvcml0aWVzIjpbeyJzb3VyY2UiOiJkYXRhOnRleHQvcGxhaW47Y2hhcnNldD11dGYtODtiYXNlNjQsTFMwdExTMUNSVWRKVGlCRFJWSlVTVVpKUTBGVVJTMHRMUzB0Q2sxSlNVUkZSRU5EUVdacFowRjNTVUpCWjBsSlNYWmFiamRpU0VselprbDNSRkZaU2t0dldrbG9kbU5PUVZGRlRFSlJRWGRLYWtWVFRVSkJSMEV4VlVVS1EzaE5TbUl6UW14aWJrNXZZVmRhTUUxU1FYZEVaMWxFVmxGUlJFVjNaSGxpTWprd1RGZE9hRTFDTkZoRVZFa3dUVVJOZVUxRVFUUk5lbXN3VFRGdldBcEVWRTB3VFVSTmVFOUVRVFJOZW1zd1RURnZkMHBxUlZOTlFrRkhRVEZWUlVONFRVcGlNMEpzWW01T2IyRlhXakJOVWtGM1JHZFpSRlpSVVVSRmQyUjVDbUl5T1RCTVYwNW9UVWxKUWtscVFVNUNaMnR4YUd0cFJ6bDNNRUpCVVVWR1FVRlBRMEZST0VGTlNVbENRMmRMUTBGUlJVRjNlRmhUUm1OcE1GSjJlVmtLUTBOMllWQmxkRUpUVmtGdFIxVXlWMW81UjBWQlkySnhaVUYyUjB0U01VZzRlVGM1UzNKSFdXNTVVMWt4TTAxamFXaHFhMXBxT1d3eWNXWkNkSGhNVUFwTkswVkNjR2xqU0VveGEzWkpSSFJxWVhZMVpUTjNjVWh6TTFJMFJFUnlibkJyZDA5UlNXOUxOemxuV1RZM01YWkpZa1J4TkdWSGRUSnpNMlExWWxVdkNtSXlVR3BrV0haU01tZFNaMGhRYzNCT1ZtVXJiMk5yV0dscFQyaHVUVW8zTXpGRE5XczNZM016TkVSd1ppOU9Oa3hrVjNKSFYxbFhkV2xWUWk5SWMyZ0tSMFp2UTJOUFlWWk1aV2xrVjFWM2RYZG9UeTh6UVRkMWFsWnRjek5HVm5WeVJEWk5iREE1VUd4bVEwNXNSMDVFWkZSSVZqWlFUR1kxTTJWVmN6RjZid3BSVDB3d1JsVkZhR3g2VlhrM1lXUXhTelJpWTJjMGEwbFZkRXcxYzBKTlRGVTRWMnBSUjNWUFRUZzNNbXQwUld0R2VHTkVTMkV4UWs1UlJGQmxTeTl5Q2l0RVFraDJNa1p0TWxGSlJFRlJRVUp2TUVsM1VVUkJUMEpuVGxaSVVUaENRV1k0UlVKQlRVTkJjVkYzUkhkWlJGWlNNRlJCVVVndlFrRlZkMEYzUlVJS0wzcEJaRUpuVGxaSVVUUkZSbWRSVlZVd09FWm1kRE41V0RGWlFrVlhWemcxZUVoU1Z6ZFplSFp3VlhkRVVWbEtTMjlhU1doMlkwNUJVVVZNUWxGQlJBcG5aMFZDUVVNNWRXOUdOMFpZYzJsRGFGTTBhbEJWY1VwS1pqWlBLM1JoTm1wUVowWkVSMlJsZFdGT2JsRjFhVmc0UTFSVmRUVkRVVEJZZG5GTGVWVnRDblI0VGt4UWNHSjNRWGd6TVdWWVlqRXdUMDFpZG5ONFMya3dUMVpUZEVaNVpuTkZSVnBIV1ROcU5scEdlVWRWWTAxSFpWSkdUMmg0TjJ3eVQyaFpObWNLY0ZjeU1sZEpZMjR2VFZGdlZqbGpjRFY0Tm5FMWRVZG9XR1E0Y1doeFpYbE5lVVEyZFdwTFZ6TjRiMDA0Y0ZaMFVHVlRaMnRYWWtGTmFsbzFSbEZGWVFwVlJqUmpNMjVRYVdOVFoyUm5SbVJPVjI1alZWQkZNalZIUVVkWWRrSlpaSFJRVFVOYWQwUTRRbXBQVkRkTGRWZHljMFJpU0VKUVZ5c3hRVGM0ZGtWb0NtYzNNRlJ0TjJkR1QyOUVURk15TjBoc2NUSndLMVZRTWtOeVdpc3ZOMEpLT0dWelNFMTRhalZsUVRJME9WQTVkMGRwY1U5clIwOVpXWEl6VGl0UVpqa0tlbXRzTkVFek9EWkNURTV0VTA5bFJscGhTbGxPYTJGQmVYSnpQUW90TFMwdExVVk9SQ0JEUlZKVVNVWkpRMEZVUlMwdExTMHRDZz09In1dfX0sInZlcnNpb24iOiIzLjIuMCJ9fQ==",
              "guestinfo.ignition.config.data.encoding": "base64"
            },
            "extra_config_reboot_required": true,
            "firmware": "bios",
            "folder": "UnderCloud/UPI",
            "force_power_off": true,
            "guest_id": "coreos64Guest",
            "guest_ip_addresses": [],
            "hardware_version": 15,
            "host_system_id": "host-10",
            "hv_mode": "hvAuto",
            "id": "422eb431-b9db-382c-4e08-9daf74cb4bf9",
            "ide_controller_count": 2,
            "ignored_guest_ips": null,
            "imported": null,
            "latency_sensitivity": "normal",
            "memory": 26624,
            "memory_hot_add_enabled": false,
            "memory_limit": -1,
            "memory_reservation": 0,
            "memory_reservation_locked_to_max": false,
            "memory_share_count": 266240,
            "memory_share_level": "normal",
            "migrate_wait_timeout": 30,
            "moid": "vm-2265",
            "name": "ocpinstall-infra02",
            "nested_hv_enabled": false,
            "network_interface": [
              {
                "adapter_type": "vmxnet3",
                "bandwidth_limit": -1,
                "bandwidth_reservation": 0,
                "bandwidth_share_count": 50,
                "bandwidth_share_level": "normal",
                "device_address": "pci:0:7",
                "key": 4000,
                "mac_address": "00:50:56:ae:58:6c",
                "network_id": "dvportgroup-30",
                "ovf_mapping": "",
                "physical_function": "",
                "use_static_mac": false
              }
            ],
            "num_cores_per_socket": 1,
            "num_cpus": 10,
            "ovf_deploy": [],
            "pci_device_id": null,
            "power_state": "on",
            "poweron_timeout": 300,
            "reboot_required": false,
            "replace_trigger": null,
            "resource_pool_id": "resgroup-25",
            "run_tools_scripts_after_power_on": true,
            "run_tools_scripts_after_resume": true,
            "run_tools_scripts_before_guest_reboot": false,
            "run_tools_scripts_before_guest_shutdown": true,
            "run_tools_scripts_before_guest_standby": true,
            "sata_controller_count": 0,
            "scsi_bus_sharing": "noSharing",
            "scsi_controller_count": 1,
            "scsi_type": "pvscsi",
            "shutdown_wait_timeout": 3,
            "storage_policy_id": "",
            "swap_placement_policy": "inherit",
            "sync_time_with_host": true,
            "sync_time_with_host_periodically": false,
            "tags": null,
            "tools_upgrade_policy": "manual",
            "uuid": "422eb431-b9db-382c-4e08-9daf74cb4bf9",
            "vapp": [],
            "vapp_transport": [
              "com.vmware.guestInfo"
            ],
            "vbs_enabled": false,
            "vmware_tools_status": "guestToolsNotRunning",
            "vmx_path": "ocpinstall-infra02/ocpinstall-infra02.vmx",
            "vvtd_enabled": false,
            "wait_for_guest_ip_timeout": 0,
            "wait_for_guest_net_routable": false,
            "wait_for_guest_net_timeout": 0
          },
          "sensitive_attributes": [],
          "private": "eyJzY2hlbWFfdmVyc2lvbiI6IjMifQ==",
          "dependencies": [
            "data.local_file.bootstrap_vm_ignition",
            "data.local_file.infra_vm_ignition",
            "data.local_file.master_vm_ignition",
            "data.vsphere_compute_cluster.cluster",
            "data.vsphere_datacenter.dc",
            "data.vsphere_datastore.datastore",
            "data.vsphere_host.host",
            "data.vsphere_network.network",
            "data.vsphere_resource_pool.pool",
            "data.vsphere_virtual_machine.coreostemplate",
            "vsphere_virtual_machine.bootstrapVM",
            "vsphere_virtual_machine.coreostemplate",
            "vsphere_virtual_machine.masterVMs"
          ]
        },
        {
          "index_key": 2,
          "schema_version": 3,
          "attributes": {
            "alternate_guest_name": "",
            "annotation": "",
            "boot_delay": 0,
            "boot_retry_delay": 10000,
            "boot_retry_enabled": false,
            "cdrom": [],
            "change_version": "2024-03-20T12:32:47.241001Z",
            "clone": [
              {
                "customization_spec": [],
                "customize": [],
                "linked_clone": false,
                "ovf_network_map": null,
                "ovf_storage_map": null,
                "template_uuid": "422e19dd-1363-73cc-4932-ce32e3394ab3",
                "timeout": 30
              }
            ],
            "cpu_hot_add_enabled": false,
            "cpu_hot_remove_enabled": false,
            "cpu_limit": -1,
            "cpu_performance_counters_enabled": false,
            "cpu_reservation": 0,
            "cpu_share_count": 10000,
            "cpu_share_level": "normal",
            "custom_attributes": null,
            "datacenter_id": null,
            "datastore_cluster_id": null,
            "datastore_id": "datastore-15",
            "default_ip_address": null,
            "disk": [
              {
                "attach": false,
                "controller_type": "scsi",
                "datastore_id": "datastore-15",
                "device_address": "scsi:0:0",
                "disk_mode": "persistent",
                "disk_sharing": "sharingNone",
                "eagerly_scrub": false,
                "io_limit": -1,
                "io_reservation": 0,
                "io_share_count": 1000,
                "io_share_level": "normal",
                "keep_on_remove": false,
                "key": 2000,
                "label": "disk0",
                "path": "ocpinstall-infra03/ocpinstall-infra03.vmdk",
                "size": 120,
                "storage_policy_id": "",
                "thin_provisioned": true,
                "unit_number": 0,
                "uuid": "6000C297-e599-64fa-ee6a-0c5198a5cc21",
                "write_through": false
              }
            ],
            "efi_secure_boot_enabled": false,
            "enable_disk_uuid": true,
            "enable_logging": false,
            "ept_rvi_mode": "automatic",
            "extra_config": {
              "guestinfo.afterburn.initrd.network-kargs": "ip=10.118.144.170::10.118.146.3:255.255.255.224:ocpinstall-infra3:ens192:off nameserver=10.118.146.3",
              "guestinfo.hostname": "ocpinstall-infra3",
              "guestinfo.ignition.config.data": "eyJpZ25pdGlvbiI6eyJjb25maWciOnsibWVyZ2UiOlt7InNvdXJjZSI6Imh0dHBzOi8vYXBpLWludC5vY3BpbnN0YWxsLnByaXZhdGUuZG9tYWluLm5hbWU6MjI2MjMvY29uZmlnL3dvcmtlciJ9XX0sInNlY3VyaXR5Ijp7InRscyI6eyJjZXJ0aWZpY2F0ZUF1dGhvcml0aWVzIjpbeyJzb3VyY2UiOiJkYXRhOnRleHQvcGxhaW47Y2hhcnNldD11dGYtODtiYXNlNjQsTFMwdExTMUNSVWRKVGlCRFJWSlVTVVpKUTBGVVJTMHRMUzB0Q2sxSlNVUkZSRU5EUVdacFowRjNTVUpCWjBsSlNYWmFiamRpU0VselprbDNSRkZaU2t0dldrbG9kbU5PUVZGRlRFSlJRWGRLYWtWVFRVSkJSMEV4VlVVS1EzaE5TbUl6UW14aWJrNXZZVmRhTUUxU1FYZEVaMWxFVmxGUlJFVjNaSGxpTWprd1RGZE9hRTFDTkZoRVZFa3dUVVJOZVUxRVFUUk5lbXN3VFRGdldBcEVWRTB3VFVSTmVFOUVRVFJOZW1zd1RURnZkMHBxUlZOTlFrRkhRVEZWUlVONFRVcGlNMEpzWW01T2IyRlhXakJOVWtGM1JHZFpSRlpSVVVSRmQyUjVDbUl5T1RCTVYwNW9UVWxKUWtscVFVNUNaMnR4YUd0cFJ6bDNNRUpCVVVWR1FVRlBRMEZST0VGTlNVbENRMmRMUTBGUlJVRjNlRmhUUm1OcE1GSjJlVmtLUTBOMllWQmxkRUpUVmtGdFIxVXlWMW81UjBWQlkySnhaVUYyUjB0U01VZzRlVGM1UzNKSFdXNTVVMWt4TTAxamFXaHFhMXBxT1d3eWNXWkNkSGhNVUFwTkswVkNjR2xqU0VveGEzWkpSSFJxWVhZMVpUTjNjVWh6TTFJMFJFUnlibkJyZDA5UlNXOUxOemxuV1RZM01YWkpZa1J4TkdWSGRUSnpNMlExWWxVdkNtSXlVR3BrV0haU01tZFNaMGhRYzNCT1ZtVXJiMk5yV0dscFQyaHVUVW8zTXpGRE5XczNZM016TkVSd1ppOU9Oa3hrVjNKSFYxbFhkV2xWUWk5SWMyZ0tSMFp2UTJOUFlWWk1aV2xrVjFWM2RYZG9UeTh6UVRkMWFsWnRjek5HVm5WeVJEWk5iREE1VUd4bVEwNXNSMDVFWkZSSVZqWlFUR1kxTTJWVmN6RjZid3BSVDB3d1JsVkZhR3g2VlhrM1lXUXhTelJpWTJjMGEwbFZkRXcxYzBKTlRGVTRWMnBSUjNWUFRUZzNNbXQwUld0R2VHTkVTMkV4UWs1UlJGQmxTeTl5Q2l0RVFraDJNa1p0TWxGSlJFRlJRVUp2TUVsM1VVUkJUMEpuVGxaSVVUaENRV1k0UlVKQlRVTkJjVkYzUkhkWlJGWlNNRlJCVVVndlFrRlZkMEYzUlVJS0wzcEJaRUpuVGxaSVVUUkZSbWRSVlZVd09FWm1kRE41V0RGWlFrVlhWemcxZUVoU1Z6ZFplSFp3VlhkRVVWbEtTMjlhU1doMlkwNUJVVVZNUWxGQlJBcG5aMFZDUVVNNWRXOUdOMFpZYzJsRGFGTTBhbEJWY1VwS1pqWlBLM1JoTm1wUVowWkVSMlJsZFdGT2JsRjFhVmc0UTFSVmRUVkRVVEJZZG5GTGVWVnRDblI0VGt4UWNHSjNRWGd6TVdWWVlqRXdUMDFpZG5ONFMya3dUMVpUZEVaNVpuTkZSVnBIV1ROcU5scEdlVWRWWTAxSFpWSkdUMmg0TjJ3eVQyaFpObWNLY0ZjeU1sZEpZMjR2VFZGdlZqbGpjRFY0Tm5FMWRVZG9XR1E0Y1doeFpYbE5lVVEyZFdwTFZ6TjRiMDA0Y0ZaMFVHVlRaMnRYWWtGTmFsbzFSbEZGWVFwVlJqUmpNMjVRYVdOVFoyUm5SbVJPVjI1alZWQkZNalZIUVVkWWRrSlpaSFJRVFVOYWQwUTRRbXBQVkRkTGRWZHljMFJpU0VKUVZ5c3hRVGM0ZGtWb0NtYzNNRlJ0TjJkR1QyOUVURk15TjBoc2NUSndLMVZRTWtOeVdpc3ZOMEpLT0dWelNFMTRhalZsUVRJME9WQTVkMGRwY1U5clIwOVpXWEl6VGl0UVpqa0tlbXRzTkVFek9EWkNURTV0VTA5bFJscGhTbGxPYTJGQmVYSnpQUW90TFMwdExVVk9SQ0JEUlZKVVNVWkpRMEZVUlMwdExTMHRDZz09In1dfX0sInZlcnNpb24iOiIzLjIuMCJ9fQ==",
              "guestinfo.ignition.config.data.encoding": "base64"
            },
            "extra_config_reboot_required": true,
            "firmware": "bios",
            "folder": "UnderCloud/UPI",
            "force_power_off": true,
            "guest_id": "coreos64Guest",
            "guest_ip_addresses": [],
            "hardware_version": 15,
            "host_system_id": "host-10",
            "hv_mode": "hvAuto",
            "id": "422ed926-4d61-da11-7791-2a0a8a962c65",
            "ide_controller_count": 2,
            "ignored_guest_ips": null,
            "imported": null,
            "latency_sensitivity": "normal",
            "memory": 26624,
            "memory_hot_add_enabled": false,
            "memory_limit": -1,
            "memory_reservation": 0,
            "memory_reservation_locked_to_max": false,
            "memory_share_count": 266240,
            "memory_share_level": "normal",
            "migrate_wait_timeout": 30,
            "moid": "vm-2266",
            "name": "ocpinstall-infra03",
            "nested_hv_enabled": false,
            "network_interface": [
              {
                "adapter_type": "vmxnet3",
                "bandwidth_limit": -1,
                "bandwidth_reservation": 0,
                "bandwidth_share_count": 50,
                "bandwidth_share_level": "normal",
                "device_address": "pci:0:7",
                "key": 4000,
                "mac_address": "00:50:56:ae:cd:38",
                "network_id": "dvportgroup-30",
                "ovf_mapping": "",
                "physical_function": "",
                "use_static_mac": false
              }
            ],
            "num_cores_per_socket": 1,
            "num_cpus": 10,
            "ovf_deploy": [],
            "pci_device_id": null,
            "power_state": "on",
            "poweron_timeout": 300,
            "reboot_required": false,
            "replace_trigger": null,
            "resource_pool_id": "resgroup-25",
            "run_tools_scripts_after_power_on": true,
            "run_tools_scripts_after_resume": true,
            "run_tools_scripts_before_guest_reboot": false,
            "run_tools_scripts_before_guest_shutdown": true,
            "run_tools_scripts_before_guest_standby": true,
            "sata_controller_count": 0,
            "scsi_bus_sharing": "noSharing",
            "scsi_controller_count": 1,
            "scsi_type": "pvscsi",
            "shutdown_wait_timeout": 3,
            "storage_policy_id": "",
            "swap_placement_policy": "inherit",
            "sync_time_with_host": true,
            "sync_time_with_host_periodically": false,
            "tags": null,
            "tools_upgrade_policy": "manual",
            "uuid": "422ed926-4d61-da11-7791-2a0a8a962c65",
            "vapp": [],
            "vapp_transport": [
              "com.vmware.guestInfo"
            ],
            "vbs_enabled": false,
            "vmware_tools_status": "guestToolsNotRunning",
            "vmx_path": "ocpinstall-infra03/ocpinstall-infra03.vmx",
            "vvtd_enabled": false,
            "wait_for_guest_ip_timeout": 0,
            "wait_for_guest_net_routable": false,
            "wait_for_guest_net_timeout": 0
          },
          "sensitive_attributes": [],
          "private": "eyJzY2hlbWFfdmVyc2lvbiI6IjMifQ==",
          "dependencies": [
            "data.local_file.bootstrap_vm_ignition",
            "data.local_file.infra_vm_ignition",
            "data.local_file.master_vm_ignition",
            "data.vsphere_compute_cluster.cluster",
            "data.vsphere_datacenter.dc",
            "data.vsphere_datastore.datastore",
            "data.vsphere_host.host",
            "data.vsphere_network.network",
            "data.vsphere_resource_pool.pool",
            "data.vsphere_virtual_machine.coreostemplate",
            "vsphere_virtual_machine.bootstrapVM",
            "vsphere_virtual_machine.coreostemplate",
            "vsphere_virtual_machine.masterVMs"
          ]
        }
      ]
    },
    {
      "mode": "managed",
      "type": "vsphere_virtual_machine",
      "name": "masterVMs",
      "provider": "provider[\"registry.terraform.io/hashicorp/vsphere\"]",
      "instances": [
        {
          "index_key": 0,
          "schema_version": 3,
          "attributes": {
            "alternate_guest_name": "",
            "annotation": "",
            "boot_delay": 0,
            "boot_retry_delay": 10000,
            "boot_retry_enabled": false,
            "cdrom": [],
            "change_version": "2024-03-20T12:32:13.523209Z",
            "clone": [
              {
                "customization_spec": [],
                "customize": [],
                "linked_clone": false,
                "ovf_network_map": null,
                "ovf_storage_map": null,
                "template_uuid": "422e19dd-1363-73cc-4932-ce32e3394ab3",
                "timeout": 30
              }
            ],
            "cpu_hot_add_enabled": false,
            "cpu_hot_remove_enabled": false,
            "cpu_limit": -1,
            "cpu_performance_counters_enabled": false,
            "cpu_reservation": 0,
            "cpu_share_count": 4000,
            "cpu_share_level": "normal",
            "custom_attributes": null,
            "datacenter_id": null,
            "datastore_cluster_id": null,
            "datastore_id": "datastore-15",
            "default_ip_address": null,
            "disk": [
              {
                "attach": false,
                "controller_type": "scsi",
                "datastore_id": "datastore-15",
                "device_address": "scsi:0:0",
                "disk_mode": "persistent",
                "disk_sharing": "sharingNone",
                "eagerly_scrub": false,
                "io_limit": -1,
                "io_reservation": 0,
                "io_share_count": 1000,
                "io_share_level": "normal",
                "keep_on_remove": false,
                "key": 2000,
                "label": "disk0",
                "path": "ocpinstall-master01/ocpinstall-master01.vmdk",
                "size": 120,
                "storage_policy_id": "",
                "thin_provisioned": true,
                "unit_number": 0,
                "uuid": "6000C29c-4f53-ef23-ab6c-5badd49f6297",
                "write_through": false
              }
            ],
            "efi_secure_boot_enabled": false,
            "enable_disk_uuid": true,
            "enable_logging": false,
            "ept_rvi_mode": "automatic",
            "extra_config": {
              "guestinfo.afterburn.initrd.network-kargs": "ip=10.118.144.165::10.118.146.3:255.255.255.224:ocpinstall-master1:ens192:off nameserver=10.118.146.3",
              "guestinfo.hostname": "ocpinstall-master1",
              "guestinfo.ignition.config.data": "eyJpZ25pdGlvbiI6eyJjb25maWciOnsibWVyZ2UiOlt7InNvdXJjZSI6Imh0dHBzOi8vYXBpLWludC5vY3BpbnN0YWxsLnByaXZhdGUuZG9tYWluLm5hbWU6MjI2MjMvY29uZmlnL21hc3RlciJ9XX0sInNlY3VyaXR5Ijp7InRscyI6eyJjZXJ0aWZpY2F0ZUF1dGhvcml0aWVzIjpbeyJzb3VyY2UiOiJkYXRhOnRleHQvcGxhaW47Y2hhcnNldD11dGYtODtiYXNlNjQsTFMwdExTMUNSVWRKVGlCRFJWSlVTVVpKUTBGVVJTMHRMUzB0Q2sxSlNVUkZSRU5EUVdacFowRjNTVUpCWjBsSlNYWmFiamRpU0VselprbDNSRkZaU2t0dldrbG9kbU5PUVZGRlRFSlJRWGRLYWtWVFRVSkJSMEV4VlVVS1EzaE5TbUl6UW14aWJrNXZZVmRhTUUxU1FYZEVaMWxFVmxGUlJFVjNaSGxpTWprd1RGZE9hRTFDTkZoRVZFa3dUVVJOZVUxRVFUUk5lbXN3VFRGdldBcEVWRTB3VFVSTmVFOUVRVFJOZW1zd1RURnZkMHBxUlZOTlFrRkhRVEZWUlVONFRVcGlNMEpzWW01T2IyRlhXakJOVWtGM1JHZFpSRlpSVVVSRmQyUjVDbUl5T1RCTVYwNW9UVWxKUWtscVFVNUNaMnR4YUd0cFJ6bDNNRUpCVVVWR1FVRlBRMEZST0VGTlNVbENRMmRMUTBGUlJVRjNlRmhUUm1OcE1GSjJlVmtLUTBOMllWQmxkRUpUVmtGdFIxVXlWMW81UjBWQlkySnhaVUYyUjB0U01VZzRlVGM1UzNKSFdXNTVVMWt4TTAxamFXaHFhMXBxT1d3eWNXWkNkSGhNVUFwTkswVkNjR2xqU0VveGEzWkpSSFJxWVhZMVpUTjNjVWh6TTFJMFJFUnlibkJyZDA5UlNXOUxOemxuV1RZM01YWkpZa1J4TkdWSGRUSnpNMlExWWxVdkNtSXlVR3BrV0haU01tZFNaMGhRYzNCT1ZtVXJiMk5yV0dscFQyaHVUVW8zTXpGRE5XczNZM016TkVSd1ppOU9Oa3hrVjNKSFYxbFhkV2xWUWk5SWMyZ0tSMFp2UTJOUFlWWk1aV2xrVjFWM2RYZG9UeTh6UVRkMWFsWnRjek5HVm5WeVJEWk5iREE1VUd4bVEwNXNSMDVFWkZSSVZqWlFUR1kxTTJWVmN6RjZid3BSVDB3d1JsVkZhR3g2VlhrM1lXUXhTelJpWTJjMGEwbFZkRXcxYzBKTlRGVTRWMnBSUjNWUFRUZzNNbXQwUld0R2VHTkVTMkV4UWs1UlJGQmxTeTl5Q2l0RVFraDJNa1p0TWxGSlJFRlJRVUp2TUVsM1VVUkJUMEpuVGxaSVVUaENRV1k0UlVKQlRVTkJjVkYzUkhkWlJGWlNNRlJCVVVndlFrRlZkMEYzUlVJS0wzcEJaRUpuVGxaSVVUUkZSbWRSVlZVd09FWm1kRE41V0RGWlFrVlhWemcxZUVoU1Z6ZFplSFp3VlhkRVVWbEtTMjlhU1doMlkwNUJVVVZNUWxGQlJBcG5aMFZDUVVNNWRXOUdOMFpZYzJsRGFGTTBhbEJWY1VwS1pqWlBLM1JoTm1wUVowWkVSMlJsZFdGT2JsRjFhVmc0UTFSVmRUVkRVVEJZZG5GTGVWVnRDblI0VGt4UWNHSjNRWGd6TVdWWVlqRXdUMDFpZG5ONFMya3dUMVpUZEVaNVpuTkZSVnBIV1ROcU5scEdlVWRWWTAxSFpWSkdUMmg0TjJ3eVQyaFpObWNLY0ZjeU1sZEpZMjR2VFZGdlZqbGpjRFY0Tm5FMWRVZG9XR1E0Y1doeFpYbE5lVVEyZFdwTFZ6TjRiMDA0Y0ZaMFVHVlRaMnRYWWtGTmFsbzFSbEZGWVFwVlJqUmpNMjVRYVdOVFoyUm5SbVJPVjI1alZWQkZNalZIUVVkWWRrSlpaSFJRVFVOYWQwUTRRbXBQVkRkTGRWZHljMFJpU0VKUVZ5c3hRVGM0ZGtWb0NtYzNNRlJ0TjJkR1QyOUVURk15TjBoc2NUSndLMVZRTWtOeVdpc3ZOMEpLT0dWelNFMTRhalZsUVRJME9WQTVkMGRwY1U5clIwOVpXWEl6VGl0UVpqa0tlbXRzTkVFek9EWkNURTV0VTA5bFJscGhTbGxPYTJGQmVYSnpQUW90TFMwdExVVk9SQ0JEUlZKVVNVWkpRMEZVUlMwdExTMHRDZz09In1dfX0sInZlcnNpb24iOiIzLjIuMCJ9fQ==",
              "guestinfo.ignition.config.data.encoding": "base64"
            },
            "extra_config_reboot_required": true,
            "firmware": "bios",
            "folder": "UnderCloud/UPI",
            "force_power_off": true,
            "guest_id": "coreos64Guest",
            "guest_ip_addresses": [],
            "hardware_version": 15,
            "host_system_id": "host-10",
            "hv_mode": "hvAuto",
            "id": "422e7f48-6606-1222-786b-ee34cf4f0c54",
            "ide_controller_count": 2,
            "ignored_guest_ips": null,
            "imported": null,
            "latency_sensitivity": "normal",
            "memory": 16384,
            "memory_hot_add_enabled": false,
            "memory_limit": -1,
            "memory_reservation": 0,
            "memory_reservation_locked_to_max": false,
            "memory_share_count": 163840,
            "memory_share_level": "normal",
            "migrate_wait_timeout": 30,
            "moid": "vm-2263",
            "name": "ocpinstall-master01",
            "nested_hv_enabled": false,
            "network_interface": [
              {
                "adapter_type": "vmxnet3",
                "bandwidth_limit": -1,
                "bandwidth_reservation": 0,
                "bandwidth_share_count": 50,
                "bandwidth_share_level": "normal",
                "device_address": "pci:0:7",
                "key": 4000,
                "mac_address": "00:50:56:ae:d4:98",
                "network_id": "dvportgroup-30",
                "ovf_mapping": "",
                "physical_function": "",
                "use_static_mac": false
              }
            ],
            "num_cores_per_socket": 1,
            "num_cpus": 4,
            "ovf_deploy": [],
            "pci_device_id": null,
            "power_state": "on",
            "poweron_timeout": 300,
            "reboot_required": false,
            "replace_trigger": null,
            "resource_pool_id": "resgroup-25",
            "run_tools_scripts_after_power_on": true,
            "run_tools_scripts_after_resume": true,
            "run_tools_scripts_before_guest_reboot": false,
            "run_tools_scripts_before_guest_shutdown": true,
            "run_tools_scripts_before_guest_standby": true,
            "sata_controller_count": 0,
            "scsi_bus_sharing": "noSharing",
            "scsi_controller_count": 1,
            "scsi_type": "pvscsi",
            "shutdown_wait_timeout": 3,
            "storage_policy_id": "",
            "swap_placement_policy": "inherit",
            "sync_time_with_host": true,
            "sync_time_with_host_periodically": false,
            "tags": null,
            "tools_upgrade_policy": "manual",
            "uuid": "422e7f48-6606-1222-786b-ee34cf4f0c54",
            "vapp": [],
            "vapp_transport": [
              "com.vmware.guestInfo"
            ],
            "vbs_enabled": false,
            "vmware_tools_status": "guestToolsNotRunning",
            "vmx_path": "ocpinstall-master01/ocpinstall-master01.vmx",
            "vvtd_enabled": false,
            "wait_for_guest_ip_timeout": 0,
            "wait_for_guest_net_routable": false,
            "wait_for_guest_net_timeout": 0
          },
          "sensitive_attributes": [],
          "private": "eyJzY2hlbWFfdmVyc2lvbiI6IjMifQ==",
          "dependencies": [
            "data.local_file.bootstrap_vm_ignition",
            "data.local_file.master_vm_ignition",
            "data.vsphere_compute_cluster.cluster",
            "data.vsphere_datacenter.dc",
            "data.vsphere_datastore.datastore",
            "data.vsphere_host.host",
            "data.vsphere_network.network",
            "data.vsphere_resource_pool.pool",
            "data.vsphere_virtual_machine.coreostemplate",
            "vsphere_virtual_machine.bootstrapVM",
            "vsphere_virtual_machine.coreostemplate"
          ]
        },
        {
          "index_key": 1,
          "schema_version": 3,
          "attributes": {
            "alternate_guest_name": "",
            "annotation": "",
            "boot_delay": 0,
            "boot_retry_delay": 10000,
            "boot_retry_enabled": false,
            "cdrom": [],
            "change_version": "2024-03-20T12:32:13.498153Z",
            "clone": [
              {
                "customization_spec": [],
                "customize": [],
                "linked_clone": false,
                "ovf_network_map": null,
                "ovf_storage_map": null,
                "template_uuid": "422e19dd-1363-73cc-4932-ce32e3394ab3",
                "timeout": 30
              }
            ],
            "cpu_hot_add_enabled": false,
            "cpu_hot_remove_enabled": false,
            "cpu_limit": -1,
            "cpu_performance_counters_enabled": false,
            "cpu_reservation": 0,
            "cpu_share_count": 4000,
            "cpu_share_level": "normal",
            "custom_attributes": null,
            "datacenter_id": null,
            "datastore_cluster_id": null,
            "datastore_id": "datastore-15",
            "default_ip_address": null,
            "disk": [
              {
                "attach": false,
                "controller_type": "scsi",
                "datastore_id": "datastore-15",
                "device_address": "scsi:0:0",
                "disk_mode": "persistent",
                "disk_sharing": "sharingNone",
                "eagerly_scrub": false,
                "io_limit": -1,
                "io_reservation": 0,
                "io_share_count": 1000,
                "io_share_level": "normal",
                "keep_on_remove": false,
                "key": 2000,
                "label": "disk0",
                "path": "ocpinstall-master02/ocpinstall-master02.vmdk",
                "size": 120,
                "storage_policy_id": "",
                "thin_provisioned": true,
                "unit_number": 0,
                "uuid": "6000C295-d84c-2a5e-85cb-19a71d40d674",
                "write_through": false
              }
            ],
            "efi_secure_boot_enabled": false,
            "enable_disk_uuid": true,
            "enable_logging": false,
            "ept_rvi_mode": "automatic",
            "extra_config": {
              "guestinfo.afterburn.initrd.network-kargs": "ip=10.118.144.166::10.118.146.3:255.255.255.224:ocpinstall-master2:ens192:off nameserver=10.118.146.3",
              "guestinfo.hostname": "ocpinstall-master2",
              "guestinfo.ignition.config.data": "eyJpZ25pdGlvbiI6eyJjb25maWciOnsibWVyZ2UiOlt7InNvdXJjZSI6Imh0dHBzOi8vYXBpLWludC5vY3BpbnN0YWxsLnByaXZhdGUuZG9tYWluLm5hbWU6MjI2MjMvY29uZmlnL21hc3RlciJ9XX0sInNlY3VyaXR5Ijp7InRscyI6eyJjZXJ0aWZpY2F0ZUF1dGhvcml0aWVzIjpbeyJzb3VyY2UiOiJkYXRhOnRleHQvcGxhaW47Y2hhcnNldD11dGYtODtiYXNlNjQsTFMwdExTMUNSVWRKVGlCRFJWSlVTVVpKUTBGVVJTMHRMUzB0Q2sxSlNVUkZSRU5EUVdacFowRjNTVUpCWjBsSlNYWmFiamRpU0VselprbDNSRkZaU2t0dldrbG9kbU5PUVZGRlRFSlJRWGRLYWtWVFRVSkJSMEV4VlVVS1EzaE5TbUl6UW14aWJrNXZZVmRhTUUxU1FYZEVaMWxFVmxGUlJFVjNaSGxpTWprd1RGZE9hRTFDTkZoRVZFa3dUVVJOZVUxRVFUUk5lbXN3VFRGdldBcEVWRTB3VFVSTmVFOUVRVFJOZW1zd1RURnZkMHBxUlZOTlFrRkhRVEZWUlVONFRVcGlNMEpzWW01T2IyRlhXakJOVWtGM1JHZFpSRlpSVVVSRmQyUjVDbUl5T1RCTVYwNW9UVWxKUWtscVFVNUNaMnR4YUd0cFJ6bDNNRUpCVVVWR1FVRlBRMEZST0VGTlNVbENRMmRMUTBGUlJVRjNlRmhUUm1OcE1GSjJlVmtLUTBOMllWQmxkRUpUVmtGdFIxVXlWMW81UjBWQlkySnhaVUYyUjB0U01VZzRlVGM1UzNKSFdXNTVVMWt4TTAxamFXaHFhMXBxT1d3eWNXWkNkSGhNVUFwTkswVkNjR2xqU0VveGEzWkpSSFJxWVhZMVpUTjNjVWh6TTFJMFJFUnlibkJyZDA5UlNXOUxOemxuV1RZM01YWkpZa1J4TkdWSGRUSnpNMlExWWxVdkNtSXlVR3BrV0haU01tZFNaMGhRYzNCT1ZtVXJiMk5yV0dscFQyaHVUVW8zTXpGRE5XczNZM016TkVSd1ppOU9Oa3hrVjNKSFYxbFhkV2xWUWk5SWMyZ0tSMFp2UTJOUFlWWk1aV2xrVjFWM2RYZG9UeTh6UVRkMWFsWnRjek5HVm5WeVJEWk5iREE1VUd4bVEwNXNSMDVFWkZSSVZqWlFUR1kxTTJWVmN6RjZid3BSVDB3d1JsVkZhR3g2VlhrM1lXUXhTelJpWTJjMGEwbFZkRXcxYzBKTlRGVTRWMnBSUjNWUFRUZzNNbXQwUld0R2VHTkVTMkV4UWs1UlJGQmxTeTl5Q2l0RVFraDJNa1p0TWxGSlJFRlJRVUp2TUVsM1VVUkJUMEpuVGxaSVVUaENRV1k0UlVKQlRVTkJjVkYzUkhkWlJGWlNNRlJCVVVndlFrRlZkMEYzUlVJS0wzcEJaRUpuVGxaSVVUUkZSbWRSVlZVd09FWm1kRE41V0RGWlFrVlhWemcxZUVoU1Z6ZFplSFp3VlhkRVVWbEtTMjlhU1doMlkwNUJVVVZNUWxGQlJBcG5aMFZDUVVNNWRXOUdOMFpZYzJsRGFGTTBhbEJWY1VwS1pqWlBLM1JoTm1wUVowWkVSMlJsZFdGT2JsRjFhVmc0UTFSVmRUVkRVVEJZZG5GTGVWVnRDblI0VGt4UWNHSjNRWGd6TVdWWVlqRXdUMDFpZG5ONFMya3dUMVpUZEVaNVpuTkZSVnBIV1ROcU5scEdlVWRWWTAxSFpWSkdUMmg0TjJ3eVQyaFpObWNLY0ZjeU1sZEpZMjR2VFZGdlZqbGpjRFY0Tm5FMWRVZG9XR1E0Y1doeFpYbE5lVVEyZFdwTFZ6TjRiMDA0Y0ZaMFVHVlRaMnRYWWtGTmFsbzFSbEZGWVFwVlJqUmpNMjVRYVdOVFoyUm5SbVJPVjI1alZWQkZNalZIUVVkWWRrSlpaSFJRVFVOYWQwUTRRbXBQVkRkTGRWZHljMFJpU0VKUVZ5c3hRVGM0ZGtWb0NtYzNNRlJ0TjJkR1QyOUVURk15TjBoc2NUSndLMVZRTWtOeVdpc3ZOMEpLT0dWelNFMTRhalZsUVRJME9WQTVkMGRwY1U5clIwOVpXWEl6VGl0UVpqa0tlbXRzTkVFek9EWkNURTV0VTA5bFJscGhTbGxPYTJGQmVYSnpQUW90TFMwdExVVk9SQ0JEUlZKVVNVWkpRMEZVUlMwdExTMHRDZz09In1dfX0sInZlcnNpb24iOiIzLjIuMCJ9fQ==",
              "guestinfo.ignition.config.data.encoding": "base64"
            },
            "extra_config_reboot_required": true,
            "firmware": "bios",
            "folder": "UnderCloud/UPI",
            "force_power_off": true,
            "guest_id": "coreos64Guest",
            "guest_ip_addresses": [],
            "hardware_version": 15,
            "host_system_id": "host-10",
            "hv_mode": "hvAuto",
            "id": "422e3759-e426-3e3e-a5c5-afadf387f230",
            "ide_controller_count": 2,
            "ignored_guest_ips": null,
            "imported": null,
            "latency_sensitivity": "normal",
            "memory": 16384,
            "memory_hot_add_enabled": false,
            "memory_limit": -1,
            "memory_reservation": 0,
            "memory_reservation_locked_to_max": false,
            "memory_share_count": 163840,
            "memory_share_level": "normal",
            "migrate_wait_timeout": 30,
            "moid": "vm-2262",
            "name": "ocpinstall-master02",
            "nested_hv_enabled": false,
            "network_interface": [
              {
                "adapter_type": "vmxnet3",
                "bandwidth_limit": -1,
                "bandwidth_reservation": 0,
                "bandwidth_share_count": 50,
                "bandwidth_share_level": "normal",
                "device_address": "pci:0:7",
                "key": 4000,
                "mac_address": "00:50:56:ae:11:d2",
                "network_id": "dvportgroup-30",
                "ovf_mapping": "",
                "physical_function": "",
                "use_static_mac": false
              }
            ],
            "num_cores_per_socket": 1,
            "num_cpus": 4,
            "ovf_deploy": [],
            "pci_device_id": null,
            "power_state": "on",
            "poweron_timeout": 300,
            "reboot_required": false,
            "replace_trigger": null,
            "resource_pool_id": "resgroup-25",
            "run_tools_scripts_after_power_on": true,
            "run_tools_scripts_after_resume": true,
            "run_tools_scripts_before_guest_reboot": false,
            "run_tools_scripts_before_guest_shutdown": true,
            "run_tools_scripts_before_guest_standby": true,
            "sata_controller_count": 0,
            "scsi_bus_sharing": "noSharing",
            "scsi_controller_count": 1,
            "scsi_type": "pvscsi",
            "shutdown_wait_timeout": 3,
            "storage_policy_id": "",
            "swap_placement_policy": "inherit",
            "sync_time_with_host": true,
            "sync_time_with_host_periodically": false,
            "tags": null,
            "tools_upgrade_policy": "manual",
            "uuid": "422e3759-e426-3e3e-a5c5-afadf387f230",
            "vapp": [],
            "vapp_transport": [
              "com.vmware.guestInfo"
            ],
            "vbs_enabled": false,
            "vmware_tools_status": "guestToolsNotRunning",
            "vmx_path": "ocpinstall-master02/ocpinstall-master02.vmx",
            "vvtd_enabled": false,
            "wait_for_guest_ip_timeout": 0,
            "wait_for_guest_net_routable": false,
            "wait_for_guest_net_timeout": 0
          },
          "sensitive_attributes": [],
          "private": "eyJzY2hlbWFfdmVyc2lvbiI6IjMifQ==",
          "dependencies": [
            "data.local_file.bootstrap_vm_ignition",
            "data.local_file.master_vm_ignition",
            "data.vsphere_compute_cluster.cluster",
            "data.vsphere_datacenter.dc",
            "data.vsphere_datastore.datastore",
            "data.vsphere_host.host",
            "data.vsphere_network.network",
            "data.vsphere_resource_pool.pool",
            "data.vsphere_virtual_machine.coreostemplate",
            "vsphere_virtual_machine.bootstrapVM",
            "vsphere_virtual_machine.coreostemplate"
          ]
        },
        {
          "index_key": 2,
          "schema_version": 3,
          "attributes": {
            "alternate_guest_name": "",
            "annotation": "",
            "boot_delay": 0,
            "boot_retry_delay": 10000,
            "boot_retry_enabled": false,
            "cdrom": [],
            "change_version": "2024-03-20T12:32:13.509909Z",
            "clone": [
              {
                "customization_spec": [],
                "customize": [],
                "linked_clone": false,
                "ovf_network_map": null,
                "ovf_storage_map": null,
                "template_uuid": "422e19dd-1363-73cc-4932-ce32e3394ab3",
                "timeout": 30
              }
            ],
            "cpu_hot_add_enabled": false,
            "cpu_hot_remove_enabled": false,
            "cpu_limit": -1,
            "cpu_performance_counters_enabled": false,
            "cpu_reservation": 0,
            "cpu_share_count": 4000,
            "cpu_share_level": "normal",
            "custom_attributes": null,
            "datacenter_id": null,
            "datastore_cluster_id": null,
            "datastore_id": "datastore-15",
            "default_ip_address": null,
            "disk": [
              {
                "attach": false,
                "controller_type": "scsi",
                "datastore_id": "datastore-15",
                "device_address": "scsi:0:0",
                "disk_mode": "persistent",
                "disk_sharing": "sharingNone",
                "eagerly_scrub": false,
                "io_limit": -1,
                "io_reservation": 0,
                "io_share_count": 1000,
                "io_share_level": "normal",
                "keep_on_remove": false,
                "key": 2000,
                "label": "disk0",
                "path": "ocpinstall-master03/ocpinstall-master03.vmdk",
                "size": 120,
                "storage_policy_id": "",
                "thin_provisioned": true,
                "unit_number": 0,
                "uuid": "6000C290-5522-e219-e891-db93e2031e72",
                "write_through": false
              }
            ],
            "efi_secure_boot_enabled": false,
            "enable_disk_uuid": true,
            "enable_logging": false,
            "ept_rvi_mode": "automatic",
            "extra_config": {
              "guestinfo.afterburn.initrd.network-kargs": "ip=10.118.144.167::10.118.146.3:255.255.255.224:ocpinstall-master3:ens192:off nameserver=10.118.146.3",
              "guestinfo.hostname": "ocpinstall-master3",
              "guestinfo.ignition.config.data": "eyJpZ25pdGlvbiI6eyJjb25maWciOnsibWVyZ2UiOlt7InNvdXJjZSI6Imh0dHBzOi8vYXBpLWludC5vY3BpbnN0YWxsLnByaXZhdGUuZG9tYWluLm5hbWU6MjI2MjMvY29uZmlnL21hc3RlciJ9XX0sInNlY3VyaXR5Ijp7InRscyI6eyJjZXJ0aWZpY2F0ZUF1dGhvcml0aWVzIjpbeyJzb3VyY2UiOiJkYXRhOnRleHQvcGxhaW47Y2hhcnNldD11dGYtODtiYXNlNjQsTFMwdExTMUNSVWRKVGlCRFJWSlVTVVpKUTBGVVJTMHRMUzB0Q2sxSlNVUkZSRU5EUVdacFowRjNTVUpCWjBsSlNYWmFiamRpU0VselprbDNSRkZaU2t0dldrbG9kbU5PUVZGRlRFSlJRWGRLYWtWVFRVSkJSMEV4VlVVS1EzaE5TbUl6UW14aWJrNXZZVmRhTUUxU1FYZEVaMWxFVmxGUlJFVjNaSGxpTWprd1RGZE9hRTFDTkZoRVZFa3dUVVJOZVUxRVFUUk5lbXN3VFRGdldBcEVWRTB3VFVSTmVFOUVRVFJOZW1zd1RURnZkMHBxUlZOTlFrRkhRVEZWUlVONFRVcGlNMEpzWW01T2IyRlhXakJOVWtGM1JHZFpSRlpSVVVSRmQyUjVDbUl5T1RCTVYwNW9UVWxKUWtscVFVNUNaMnR4YUd0cFJ6bDNNRUpCVVVWR1FVRlBRMEZST0VGTlNVbENRMmRMUTBGUlJVRjNlRmhUUm1OcE1GSjJlVmtLUTBOMllWQmxkRUpUVmtGdFIxVXlWMW81UjBWQlkySnhaVUYyUjB0U01VZzRlVGM1UzNKSFdXNTVVMWt4TTAxamFXaHFhMXBxT1d3eWNXWkNkSGhNVUFwTkswVkNjR2xqU0VveGEzWkpSSFJxWVhZMVpUTjNjVWh6TTFJMFJFUnlibkJyZDA5UlNXOUxOemxuV1RZM01YWkpZa1J4TkdWSGRUSnpNMlExWWxVdkNtSXlVR3BrV0haU01tZFNaMGhRYzNCT1ZtVXJiMk5yV0dscFQyaHVUVW8zTXpGRE5XczNZM016TkVSd1ppOU9Oa3hrVjNKSFYxbFhkV2xWUWk5SWMyZ0tSMFp2UTJOUFlWWk1aV2xrVjFWM2RYZG9UeTh6UVRkMWFsWnRjek5HVm5WeVJEWk5iREE1VUd4bVEwNXNSMDVFWkZSSVZqWlFUR1kxTTJWVmN6RjZid3BSVDB3d1JsVkZhR3g2VlhrM1lXUXhTelJpWTJjMGEwbFZkRXcxYzBKTlRGVTRWMnBSUjNWUFRUZzNNbXQwUld0R2VHTkVTMkV4UWs1UlJGQmxTeTl5Q2l0RVFraDJNa1p0TWxGSlJFRlJRVUp2TUVsM1VVUkJUMEpuVGxaSVVUaENRV1k0UlVKQlRVTkJjVkYzUkhkWlJGWlNNRlJCVVVndlFrRlZkMEYzUlVJS0wzcEJaRUpuVGxaSVVUUkZSbWRSVlZVd09FWm1kRE41V0RGWlFrVlhWemcxZUVoU1Z6ZFplSFp3VlhkRVVWbEtTMjlhU1doMlkwNUJVVVZNUWxGQlJBcG5aMFZDUVVNNWRXOUdOMFpZYzJsRGFGTTBhbEJWY1VwS1pqWlBLM1JoTm1wUVowWkVSMlJsZFdGT2JsRjFhVmc0UTFSVmRUVkRVVEJZZG5GTGVWVnRDblI0VGt4UWNHSjNRWGd6TVdWWVlqRXdUMDFpZG5ONFMya3dUMVpUZEVaNVpuTkZSVnBIV1ROcU5scEdlVWRWWTAxSFpWSkdUMmg0TjJ3eVQyaFpObWNLY0ZjeU1sZEpZMjR2VFZGdlZqbGpjRFY0Tm5FMWRVZG9XR1E0Y1doeFpYbE5lVVEyZFdwTFZ6TjRiMDA0Y0ZaMFVHVlRaMnRYWWtGTmFsbzFSbEZGWVFwVlJqUmpNMjVRYVdOVFoyUm5SbVJPVjI1alZWQkZNalZIUVVkWWRrSlpaSFJRVFVOYWQwUTRRbXBQVkRkTGRWZHljMFJpU0VKUVZ5c3hRVGM0ZGtWb0NtYzNNRlJ0TjJkR1QyOUVURk15TjBoc2NUSndLMVZRTWtOeVdpc3ZOMEpLT0dWelNFMTRhalZsUVRJME9WQTVkMGRwY1U5clIwOVpXWEl6VGl0UVpqa0tlbXRzTkVFek9EWkNURTV0VTA5bFJscGhTbGxPYTJGQmVYSnpQUW90TFMwdExVVk9SQ0JEUlZKVVNVWkpRMEZVUlMwdExTMHRDZz09In1dfX0sInZlcnNpb24iOiIzLjIuMCJ9fQ==",
              "guestinfo.ignition.config.data.encoding": "base64"
            },
            "extra_config_reboot_required": true,
            "firmware": "bios",
            "folder": "UnderCloud/UPI",
            "force_power_off": true,
            "guest_id": "coreos64Guest",
            "guest_ip_addresses": [],
            "hardware_version": 15,
            "host_system_id": "host-10",
            "hv_mode": "hvAuto",
            "id": "422ecc9a-ba8c-b055-e835-846b48cacaec",
            "ide_controller_count": 2,
            "ignored_guest_ips": null,
            "imported": null,
            "latency_sensitivity": "normal",
            "memory": 16384,
            "memory_hot_add_enabled": false,
            "memory_limit": -1,
            "memory_reservation": 0,
            "memory_reservation_locked_to_max": false,
            "memory_share_count": 163840,
            "memory_share_level": "normal",
            "migrate_wait_timeout": 30,
            "moid": "vm-2264",
            "name": "ocpinstall-master03",
            "nested_hv_enabled": false,
            "network_interface": [
              {
                "adapter_type": "vmxnet3",
                "bandwidth_limit": -1,
                "bandwidth_reservation": 0,
                "bandwidth_share_count": 50,
                "bandwidth_share_level": "normal",
                "device_address": "pci:0:7",
                "key": 4000,
                "mac_address": "00:50:56:ae:93:76",
                "network_id": "dvportgroup-30",
                "ovf_mapping": "",
                "physical_function": "",
                "use_static_mac": false
              }
            ],
            "num_cores_per_socket": 1,
            "num_cpus": 4,
            "ovf_deploy": [],
            "pci_device_id": null,
            "power_state": "on",
            "poweron_timeout": 300,
            "reboot_required": false,
            "replace_trigger": null,
            "resource_pool_id": "resgroup-25",
            "run_tools_scripts_after_power_on": true,
            "run_tools_scripts_after_resume": true,
            "run_tools_scripts_before_guest_reboot": false,
            "run_tools_scripts_before_guest_shutdown": true,
            "run_tools_scripts_before_guest_standby": true,
            "sata_controller_count": 0,
            "scsi_bus_sharing": "noSharing",
            "scsi_controller_count": 1,
            "scsi_type": "pvscsi",
            "shutdown_wait_timeout": 3,
            "storage_policy_id": "",
            "swap_placement_policy": "inherit",
            "sync_time_with_host": true,
            "sync_time_with_host_periodically": false,
            "tags": null,
            "tools_upgrade_policy": "manual",
            "uuid": "422ecc9a-ba8c-b055-e835-846b48cacaec",
            "vapp": [],
            "vapp_transport": [
              "com.vmware.guestInfo"
            ],
            "vbs_enabled": false,
            "vmware_tools_status": "guestToolsNotRunning",
            "vmx_path": "ocpinstall-master03/ocpinstall-master03.vmx",
            "vvtd_enabled": false,
            "wait_for_guest_ip_timeout": 0,
            "wait_for_guest_net_routable": false,
            "wait_for_guest_net_timeout": 0
          },
          "sensitive_attributes": [],
          "private": "eyJzY2hlbWFfdmVyc2lvbiI6IjMifQ==",
          "dependencies": [
            "data.local_file.bootstrap_vm_ignition",
            "data.local_file.master_vm_ignition",
            "data.vsphere_compute_cluster.cluster",
            "data.vsphere_datacenter.dc",
            "data.vsphere_datastore.datastore",
            "data.vsphere_host.host",
            "data.vsphere_network.network",
            "data.vsphere_resource_pool.pool",
            "data.vsphere_virtual_machine.coreostemplate",
            "vsphere_virtual_machine.bootstrapVM",
            "vsphere_virtual_machine.coreostemplate"
          ]
        }
      ]
    },
    {
      "mode": "managed",
      "type": "vsphere_virtual_machine",
      "name": "workerVMs",
      "provider": "provider[\"registry.terraform.io/hashicorp/vsphere\"]",
      "instances": [
        {
          "index_key": 0,
          "schema_version": 3,
          "attributes": {
            "alternate_guest_name": "",
            "annotation": "",
            "boot_delay": 0,
            "boot_retry_delay": 10000,
            "boot_retry_enabled": false,
            "cdrom": [],
            "change_version": "2024-03-20T12:32:47.232947Z",
            "clone": [
              {
                "customization_spec": [],
                "customize": [],
                "linked_clone": false,
                "ovf_network_map": null,
                "ovf_storage_map": null,
                "template_uuid": "422e19dd-1363-73cc-4932-ce32e3394ab3",
                "timeout": 30
              }
            ],
            "cpu_hot_add_enabled": false,
            "cpu_hot_remove_enabled": false,
            "cpu_limit": -1,
            "cpu_performance_counters_enabled": false,
            "cpu_reservation": 0,
            "cpu_share_count": 4000,
            "cpu_share_level": "normal",
            "custom_attributes": null,
            "datacenter_id": null,
            "datastore_cluster_id": null,
            "datastore_id": "datastore-15",
            "default_ip_address": null,
            "disk": [
              {
                "attach": false,
                "controller_type": "scsi",
                "datastore_id": "datastore-15",
                "device_address": "scsi:0:0",
                "disk_mode": "persistent",
                "disk_sharing": "sharingNone",
                "eagerly_scrub": false,
                "io_limit": -1,
                "io_reservation": 0,
                "io_share_count": 1000,
                "io_share_level": "normal",
                "keep_on_remove": false,
                "key": 2000,
                "label": "disk0",
                "path": "ocpinstall-worker01/ocpinstall-worker01.vmdk",
                "size": 120,
                "storage_policy_id": "",
                "thin_provisioned": true,
                "unit_number": 0,
                "uuid": "6000C29b-35a2-82ab-60e3-cf0cea3704f6",
                "write_through": false
              }
            ],
            "efi_secure_boot_enabled": false,
            "enable_disk_uuid": true,
            "enable_logging": false,
            "ept_rvi_mode": "automatic",
            "extra_config": {
              "guestinfo.afterburn.initrd.network-kargs": "ip=10.118.144.171::10.118.146.3:255.255.255.224:ocpinstall-worker1:ens192:off nameserver=10.118.146.3",
              "guestinfo.hostname": "ocpinstall-worker1",
              "guestinfo.ignition.config.data": "eyJpZ25pdGlvbiI6eyJjb25maWciOnsibWVyZ2UiOlt7InNvdXJjZSI6Imh0dHBzOi8vYXBpLWludC5vY3BpbnN0YWxsLnByaXZhdGUuZG9tYWluLm5hbWU6MjI2MjMvY29uZmlnL3dvcmtlciJ9XX0sInNlY3VyaXR5Ijp7InRscyI6eyJjZXJ0aWZpY2F0ZUF1dGhvcml0aWVzIjpbeyJzb3VyY2UiOiJkYXRhOnRleHQvcGxhaW47Y2hhcnNldD11dGYtODtiYXNlNjQsTFMwdExTMUNSVWRKVGlCRFJWSlVTVVpKUTBGVVJTMHRMUzB0Q2sxSlNVUkZSRU5EUVdacFowRjNTVUpCWjBsSlNYWmFiamRpU0VselprbDNSRkZaU2t0dldrbG9kbU5PUVZGRlRFSlJRWGRLYWtWVFRVSkJSMEV4VlVVS1EzaE5TbUl6UW14aWJrNXZZVmRhTUUxU1FYZEVaMWxFVmxGUlJFVjNaSGxpTWprd1RGZE9hRTFDTkZoRVZFa3dUVVJOZVUxRVFUUk5lbXN3VFRGdldBcEVWRTB3VFVSTmVFOUVRVFJOZW1zd1RURnZkMHBxUlZOTlFrRkhRVEZWUlVONFRVcGlNMEpzWW01T2IyRlhXakJOVWtGM1JHZFpSRlpSVVVSRmQyUjVDbUl5T1RCTVYwNW9UVWxKUWtscVFVNUNaMnR4YUd0cFJ6bDNNRUpCVVVWR1FVRlBRMEZST0VGTlNVbENRMmRMUTBGUlJVRjNlRmhUUm1OcE1GSjJlVmtLUTBOMllWQmxkRUpUVmtGdFIxVXlWMW81UjBWQlkySnhaVUYyUjB0U01VZzRlVGM1UzNKSFdXNTVVMWt4TTAxamFXaHFhMXBxT1d3eWNXWkNkSGhNVUFwTkswVkNjR2xqU0VveGEzWkpSSFJxWVhZMVpUTjNjVWh6TTFJMFJFUnlibkJyZDA5UlNXOUxOemxuV1RZM01YWkpZa1J4TkdWSGRUSnpNMlExWWxVdkNtSXlVR3BrV0haU01tZFNaMGhRYzNCT1ZtVXJiMk5yV0dscFQyaHVUVW8zTXpGRE5XczNZM016TkVSd1ppOU9Oa3hrVjNKSFYxbFhkV2xWUWk5SWMyZ0tSMFp2UTJOUFlWWk1aV2xrVjFWM2RYZG9UeTh6UVRkMWFsWnRjek5HVm5WeVJEWk5iREE1VUd4bVEwNXNSMDVFWkZSSVZqWlFUR1kxTTJWVmN6RjZid3BSVDB3d1JsVkZhR3g2VlhrM1lXUXhTelJpWTJjMGEwbFZkRXcxYzBKTlRGVTRWMnBSUjNWUFRUZzNNbXQwUld0R2VHTkVTMkV4UWs1UlJGQmxTeTl5Q2l0RVFraDJNa1p0TWxGSlJFRlJRVUp2TUVsM1VVUkJUMEpuVGxaSVVUaENRV1k0UlVKQlRVTkJjVkYzUkhkWlJGWlNNRlJCVVVndlFrRlZkMEYzUlVJS0wzcEJaRUpuVGxaSVVUUkZSbWRSVlZVd09FWm1kRE41V0RGWlFrVlhWemcxZUVoU1Z6ZFplSFp3VlhkRVVWbEtTMjlhU1doMlkwNUJVVVZNUWxGQlJBcG5aMFZDUVVNNWRXOUdOMFpZYzJsRGFGTTBhbEJWY1VwS1pqWlBLM1JoTm1wUVowWkVSMlJsZFdGT2JsRjFhVmc0UTFSVmRUVkRVVEJZZG5GTGVWVnRDblI0VGt4UWNHSjNRWGd6TVdWWVlqRXdUMDFpZG5ONFMya3dUMVpUZEVaNVpuTkZSVnBIV1ROcU5scEdlVWRWWTAxSFpWSkdUMmg0TjJ3eVQyaFpObWNLY0ZjeU1sZEpZMjR2VFZGdlZqbGpjRFY0Tm5FMWRVZG9XR1E0Y1doeFpYbE5lVVEyZFdwTFZ6TjRiMDA0Y0ZaMFVHVlRaMnRYWWtGTmFsbzFSbEZGWVFwVlJqUmpNMjVRYVdOVFoyUm5SbVJPVjI1alZWQkZNalZIUVVkWWRrSlpaSFJRVFVOYWQwUTRRbXBQVkRkTGRWZHljMFJpU0VKUVZ5c3hRVGM0ZGtWb0NtYzNNRlJ0TjJkR1QyOUVURk15TjBoc2NUSndLMVZRTWtOeVdpc3ZOMEpLT0dWelNFMTRhalZsUVRJME9WQTVkMGRwY1U5clIwOVpXWEl6VGl0UVpqa0tlbXRzTkVFek9EWkNURTV0VTA5bFJscGhTbGxPYTJGQmVYSnpQUW90TFMwdExVVk9SQ0JEUlZKVVNVWkpRMEZVUlMwdExTMHRDZz09In1dfX0sInZlcnNpb24iOiIzLjIuMCJ9fQ==",
              "guestinfo.ignition.config.data.encoding": "base64"
            },
            "extra_config_reboot_required": true,
            "firmware": "bios",
            "folder": "UnderCloud/UPI",
            "force_power_off": true,
            "guest_id": "coreos64Guest",
            "guest_ip_addresses": [],
            "hardware_version": 15,
            "host_system_id": "host-10",
            "hv_mode": "hvAuto",
            "id": "422ec0af-8df3-0a73-57d6-251ddd7e4395",
            "ide_controller_count": 2,
            "ignored_guest_ips": null,
            "imported": null,
            "latency_sensitivity": "normal",
            "memory": 16384,
            "memory_hot_add_enabled": false,
            "memory_limit": -1,
            "memory_reservation": 0,
            "memory_reservation_locked_to_max": false,
            "memory_share_count": 163840,
            "memory_share_level": "normal",
            "migrate_wait_timeout": 30,
            "moid": "vm-2267",
            "name": "ocpinstall-worker01",
            "nested_hv_enabled": false,
            "network_interface": [
              {
                "adapter_type": "vmxnet3",
                "bandwidth_limit": -1,
                "bandwidth_reservation": 0,
                "bandwidth_share_count": 50,
                "bandwidth_share_level": "normal",
                "device_address": "pci:0:7",
                "key": 4000,
                "mac_address": "00:50:56:ae:d0:59",
                "network_id": "dvportgroup-30",
                "ovf_mapping": "",
                "physical_function": "",
                "use_static_mac": false
              }
            ],
            "num_cores_per_socket": 1,
            "num_cpus": 4,
            "ovf_deploy": [],
            "pci_device_id": null,
            "power_state": "on",
            "poweron_timeout": 300,
            "reboot_required": false,
            "replace_trigger": null,
            "resource_pool_id": "resgroup-25",
            "run_tools_scripts_after_power_on": true,
            "run_tools_scripts_after_resume": true,
            "run_tools_scripts_before_guest_reboot": false,
            "run_tools_scripts_before_guest_shutdown": true,
            "run_tools_scripts_before_guest_standby": true,
            "sata_controller_count": 0,
            "scsi_bus_sharing": "noSharing",
            "scsi_controller_count": 1,
            "scsi_type": "pvscsi",
            "shutdown_wait_timeout": 3,
            "storage_policy_id": "",
            "swap_placement_policy": "inherit",
            "sync_time_with_host": true,
            "sync_time_with_host_periodically": false,
            "tags": null,
            "tools_upgrade_policy": "manual",
            "uuid": "422ec0af-8df3-0a73-57d6-251ddd7e4395",
            "vapp": [],
            "vapp_transport": [
              "com.vmware.guestInfo"
            ],
            "vbs_enabled": false,
            "vmware_tools_status": "guestToolsNotRunning",
            "vmx_path": "ocpinstall-worker01/ocpinstall-worker01.vmx",
            "vvtd_enabled": false,
            "wait_for_guest_ip_timeout": 0,
            "wait_for_guest_net_routable": false,
            "wait_for_guest_net_timeout": 0
          },
          "sensitive_attributes": [],
          "private": "eyJzY2hlbWFfdmVyc2lvbiI6IjMifQ==",
          "dependencies": [
            "data.local_file.bootstrap_vm_ignition",
            "data.local_file.master_vm_ignition",
            "data.local_file.worker_vm_ignition",
            "data.vsphere_compute_cluster.cluster",
            "data.vsphere_datacenter.dc",
            "data.vsphere_datastore.datastore",
            "data.vsphere_host.host",
            "data.vsphere_network.network",
            "data.vsphere_resource_pool.pool",
            "data.vsphere_virtual_machine.coreostemplate",
            "vsphere_virtual_machine.bootstrapVM",
            "vsphere_virtual_machine.coreostemplate",
            "vsphere_virtual_machine.masterVMs"
          ]
        },
        {
          "index_key": 1,
          "schema_version": 3,
          "attributes": {
            "alternate_guest_name": "",
            "annotation": "",
            "boot_delay": 0,
            "boot_retry_delay": 10000,
            "boot_retry_enabled": false,
            "cdrom": [],
            "change_version": "2024-03-20T12:32:47.220654Z",
            "clone": [
              {
                "customization_spec": [],
                "customize": [],
                "linked_clone": false,
                "ovf_network_map": null,
                "ovf_storage_map": null,
                "template_uuid": "422e19dd-1363-73cc-4932-ce32e3394ab3",
                "timeout": 30
              }
            ],
            "cpu_hot_add_enabled": false,
            "cpu_hot_remove_enabled": false,
            "cpu_limit": -1,
            "cpu_performance_counters_enabled": false,
            "cpu_reservation": 0,
            "cpu_share_count": 4000,
            "cpu_share_level": "normal",
            "custom_attributes": null,
            "datacenter_id": null,
            "datastore_cluster_id": null,
            "datastore_id": "datastore-15",
            "default_ip_address": null,
            "disk": [
              {
                "attach": false,
                "controller_type": "scsi",
                "datastore_id": "datastore-15",
                "device_address": "scsi:0:0",
                "disk_mode": "persistent",
                "disk_sharing": "sharingNone",
                "eagerly_scrub": false,
                "io_limit": -1,
                "io_reservation": 0,
                "io_share_count": 1000,
                "io_share_level": "normal",
                "keep_on_remove": false,
                "key": 2000,
                "label": "disk0",
                "path": "ocpinstall-worker02/ocpinstall-worker02.vmdk",
                "size": 120,
                "storage_policy_id": "",
                "thin_provisioned": true,
                "unit_number": 0,
                "uuid": "6000C29d-c2c7-f290-ce8a-bd3c6e8e0d31",
                "write_through": false
              }
            ],
            "efi_secure_boot_enabled": false,
            "enable_disk_uuid": true,
            "enable_logging": false,
            "ept_rvi_mode": "automatic",
            "extra_config": {
              "guestinfo.afterburn.initrd.network-kargs": "ip=10.118.144.172::10.118.146.3:255.255.255.224:ocpinstall-worker2:ens192:off nameserver=10.118.146.3",
              "guestinfo.hostname": "ocpinstall-worker2",
              "guestinfo.ignition.config.data": "eyJpZ25pdGlvbiI6eyJjb25maWciOnsibWVyZ2UiOlt7InNvdXJjZSI6Imh0dHBzOi8vYXBpLWludC5vY3BpbnN0YWxsLnByaXZhdGUuZG9tYWluLm5hbWU6MjI2MjMvY29uZmlnL3dvcmtlciJ9XX0sInNlY3VyaXR5Ijp7InRscyI6eyJjZXJ0aWZpY2F0ZUF1dGhvcml0aWVzIjpbeyJzb3VyY2UiOiJkYXRhOnRleHQvcGxhaW47Y2hhcnNldD11dGYtODtiYXNlNjQsTFMwdExTMUNSVWRKVGlCRFJWSlVTVVpKUTBGVVJTMHRMUzB0Q2sxSlNVUkZSRU5EUVdacFowRjNTVUpCWjBsSlNYWmFiamRpU0VselprbDNSRkZaU2t0dldrbG9kbU5PUVZGRlRFSlJRWGRLYWtWVFRVSkJSMEV4VlVVS1EzaE5TbUl6UW14aWJrNXZZVmRhTUUxU1FYZEVaMWxFVmxGUlJFVjNaSGxpTWprd1RGZE9hRTFDTkZoRVZFa3dUVVJOZVUxRVFUUk5lbXN3VFRGdldBcEVWRTB3VFVSTmVFOUVRVFJOZW1zd1RURnZkMHBxUlZOTlFrRkhRVEZWUlVONFRVcGlNMEpzWW01T2IyRlhXakJOVWtGM1JHZFpSRlpSVVVSRmQyUjVDbUl5T1RCTVYwNW9UVWxKUWtscVFVNUNaMnR4YUd0cFJ6bDNNRUpCVVVWR1FVRlBRMEZST0VGTlNVbENRMmRMUTBGUlJVRjNlRmhUUm1OcE1GSjJlVmtLUTBOMllWQmxkRUpUVmtGdFIxVXlWMW81UjBWQlkySnhaVUYyUjB0U01VZzRlVGM1UzNKSFdXNTVVMWt4TTAxamFXaHFhMXBxT1d3eWNXWkNkSGhNVUFwTkswVkNjR2xqU0VveGEzWkpSSFJxWVhZMVpUTjNjVWh6TTFJMFJFUnlibkJyZDA5UlNXOUxOemxuV1RZM01YWkpZa1J4TkdWSGRUSnpNMlExWWxVdkNtSXlVR3BrV0haU01tZFNaMGhRYzNCT1ZtVXJiMk5yV0dscFQyaHVUVW8zTXpGRE5XczNZM016TkVSd1ppOU9Oa3hrVjNKSFYxbFhkV2xWUWk5SWMyZ0tSMFp2UTJOUFlWWk1aV2xrVjFWM2RYZG9UeTh6UVRkMWFsWnRjek5HVm5WeVJEWk5iREE1VUd4bVEwNXNSMDVFWkZSSVZqWlFUR1kxTTJWVmN6RjZid3BSVDB3d1JsVkZhR3g2VlhrM1lXUXhTelJpWTJjMGEwbFZkRXcxYzBKTlRGVTRWMnBSUjNWUFRUZzNNbXQwUld0R2VHTkVTMkV4UWs1UlJGQmxTeTl5Q2l0RVFraDJNa1p0TWxGSlJFRlJRVUp2TUVsM1VVUkJUMEpuVGxaSVVUaENRV1k0UlVKQlRVTkJjVkYzUkhkWlJGWlNNRlJCVVVndlFrRlZkMEYzUlVJS0wzcEJaRUpuVGxaSVVUUkZSbWRSVlZVd09FWm1kRE41V0RGWlFrVlhWemcxZUVoU1Z6ZFplSFp3VlhkRVVWbEtTMjlhU1doMlkwNUJVVVZNUWxGQlJBcG5aMFZDUVVNNWRXOUdOMFpZYzJsRGFGTTBhbEJWY1VwS1pqWlBLM1JoTm1wUVowWkVSMlJsZFdGT2JsRjFhVmc0UTFSVmRUVkRVVEJZZG5GTGVWVnRDblI0VGt4UWNHSjNRWGd6TVdWWVlqRXdUMDFpZG5ONFMya3dUMVpUZEVaNVpuTkZSVnBIV1ROcU5scEdlVWRWWTAxSFpWSkdUMmg0TjJ3eVQyaFpObWNLY0ZjeU1sZEpZMjR2VFZGdlZqbGpjRFY0Tm5FMWRVZG9XR1E0Y1doeFpYbE5lVVEyZFdwTFZ6TjRiMDA0Y0ZaMFVHVlRaMnRYWWtGTmFsbzFSbEZGWVFwVlJqUmpNMjVRYVdOVFoyUm5SbVJPVjI1alZWQkZNalZIUVVkWWRrSlpaSFJRVFVOYWQwUTRRbXBQVkRkTGRWZHljMFJpU0VKUVZ5c3hRVGM0ZGtWb0NtYzNNRlJ0TjJkR1QyOUVURk15TjBoc2NUSndLMVZRTWtOeVdpc3ZOMEpLT0dWelNFMTRhalZsUVRJME9WQTVkMGRwY1U5clIwOVpXWEl6VGl0UVpqa0tlbXRzTkVFek9EWkNURTV0VTA5bFJscGhTbGxPYTJGQmVYSnpQUW90TFMwdExVVk9SQ0JEUlZKVVNVWkpRMEZVUlMwdExTMHRDZz09In1dfX0sInZlcnNpb24iOiIzLjIuMCJ9fQ==",
              "guestinfo.ignition.config.data.encoding": "base64"
            },
            "extra_config_reboot_required": true,
            "firmware": "bios",
            "folder": "UnderCloud/UPI",
            "force_power_off": true,
            "guest_id": "coreos64Guest",
            "guest_ip_addresses": [],
            "hardware_version": 15,
            "host_system_id": "host-10",
            "hv_mode": "hvAuto",
            "id": "422e2f0b-8c0a-1b99-9c2a-eeb2782c2fae",
            "ide_controller_count": 2,
            "ignored_guest_ips": null,
            "imported": null,
            "latency_sensitivity": "normal",
            "memory": 16384,
            "memory_hot_add_enabled": false,
            "memory_limit": -1,
            "memory_reservation": 0,
            "memory_reservation_locked_to_max": false,
            "memory_share_count": 163840,
            "memory_share_level": "normal",
            "migrate_wait_timeout": 30,
            "moid": "vm-2268",
            "name": "ocpinstall-worker02",
            "nested_hv_enabled": false,
            "network_interface": [
              {
                "adapter_type": "vmxnet3",
                "bandwidth_limit": -1,
                "bandwidth_reservation": 0,
                "bandwidth_share_count": 50,
                "bandwidth_share_level": "normal",
                "device_address": "pci:0:7",
                "key": 4000,
                "mac_address": "00:50:56:ae:5e:26",
                "network_id": "dvportgroup-30",
                "ovf_mapping": "",
                "physical_function": "",
                "use_static_mac": false
              }
            ],
            "num_cores_per_socket": 1,
            "num_cpus": 4,
            "ovf_deploy": [],
            "pci_device_id": null,
            "power_state": "on",
            "poweron_timeout": 300,
            "reboot_required": false,
            "replace_trigger": null,
            "resource_pool_id": "resgroup-25",
            "run_tools_scripts_after_power_on": true,
            "run_tools_scripts_after_resume": true,
            "run_tools_scripts_before_guest_reboot": false,
            "run_tools_scripts_before_guest_shutdown": true,
            "run_tools_scripts_before_guest_standby": true,
            "sata_controller_count": 0,
            "scsi_bus_sharing": "noSharing",
            "scsi_controller_count": 1,
            "scsi_type": "pvscsi",
            "shutdown_wait_timeout": 3,
            "storage_policy_id": "",
            "swap_placement_policy": "inherit",
            "sync_time_with_host": true,
            "sync_time_with_host_periodically": false,
            "tags": null,
            "tools_upgrade_policy": "manual",
            "uuid": "422e2f0b-8c0a-1b99-9c2a-eeb2782c2fae",
            "vapp": [],
            "vapp_transport": [
              "com.vmware.guestInfo"
            ],
            "vbs_enabled": false,
            "vmware_tools_status": "guestToolsNotRunning",
            "vmx_path": "ocpinstall-worker02/ocpinstall-worker02.vmx",
            "vvtd_enabled": false,
            "wait_for_guest_ip_timeout": 0,
            "wait_for_guest_net_routable": false,
            "wait_for_guest_net_timeout": 0
          },
          "sensitive_attributes": [],
          "private": "eyJzY2hlbWFfdmVyc2lvbiI6IjMifQ==",
          "dependencies": [
            "data.local_file.bootstrap_vm_ignition",
            "data.local_file.master_vm_ignition",
            "data.local_file.worker_vm_ignition",
            "data.vsphere_compute_cluster.cluster",
            "data.vsphere_datacenter.dc",
            "data.vsphere_datastore.datastore",
            "data.vsphere_host.host",
            "data.vsphere_network.network",
            "data.vsphere_resource_pool.pool",
            "data.vsphere_virtual_machine.coreostemplate",
            "vsphere_virtual_machine.bootstrapVM",
            "vsphere_virtual_machine.coreostemplate",
            "vsphere_virtual_machine.masterVMs"
          ]
        }
      ]
    }
  ],
  "check_results": null
}
